// !$*UTF8*$!
{
	archiveVersion = 1;
	classes = {
	};
	objectVersion = 45;
	objects = {

/* Begin PBXBuildFile section */
		AA747D9F0F9514B9006C5449 /* CreateSend_Prefix.pch in Headers */ = {isa = PBXBuildFile; fileRef = AA747D9E0F9514B9006C5449 /* CreateSend_Prefix.pch */; };
		D889681012B9D58D007C5783 /* CSAPIKeyRequest.m in Sources */ = {isa = PBXBuildFile; fileRef = D889680F12B9D58D007C5783 /* CSAPIKeyRequest.m */; };
		D889681112B9D58D007C5783 /* CSAPIKeyRequest.h in Headers */ = {isa = PBXBuildFile; fileRef = D889680E12B9D58D007C5783 /* CSAPIKeyRequest.h */; };
		D889681212B9D58D007C5783 /* CSAPIKeyRequest.m in Sources */ = {isa = PBXBuildFile; fileRef = D889680F12B9D58D007C5783 /* CSAPIKeyRequest.m */; };
		D889681512B9D65E007C5783 /* CSAPIRequest.m in Sources */ = {isa = PBXBuildFile; fileRef = D889681412B9D65E007C5783 /* CSAPIRequest.m */; };
		D889681612B9D65E007C5783 /* CSAPIRequest.h in Headers */ = {isa = PBXBuildFile; fileRef = D889681312B9D65E007C5783 /* CSAPIRequest.h */; };
		D889681712B9D65E007C5783 /* CSAPIRequest.m in Sources */ = {isa = PBXBuildFile; fileRef = D889681412B9D65E007C5783 /* CSAPIRequest.m */; };
		D889682912B9E12E007C5783 /* CSDebuggingMacros.h in Headers */ = {isa = PBXBuildFile; fileRef = D889682812B9E12E007C5783 /* CSDebuggingMacros.h */; };
		D889687C12B9E638007C5783 /* CSAccountTests.m in Sources */ = {isa = PBXBuildFile; fileRef = D889687B12B9E638007C5783 /* CSAccountTests.m */; };
		D88968E012B9F08F007C5783 /* NSString+URLEncoding.m in Sources */ = {isa = PBXBuildFile; fileRef = D88968DF12B9F08F007C5783 /* NSString+URLEncoding.m */; };
		D88968E112B9F08F007C5783 /* NSString+URLEncoding.h in Headers */ = {isa = PBXBuildFile; fileRef = D88968DE12B9F08F007C5783 /* NSString+URLEncoding.h */; };
		D88968E212B9F08F007C5783 /* NSString+URLEncoding.m in Sources */ = {isa = PBXBuildFile; fileRef = D88968DF12B9F08F007C5783 /* NSString+URLEncoding.m */; };
		D88969A612BAE154007C5783 /* CSClientsRequest.m in Sources */ = {isa = PBXBuildFile; fileRef = D88969A512BAE154007C5783 /* CSClientsRequest.m */; };
		D88969A712BAE154007C5783 /* CSClientsRequest.h in Headers */ = {isa = PBXBuildFile; fileRef = D88969A412BAE154007C5783 /* CSClientsRequest.h */; };
		D88969A812BAE154007C5783 /* CSClientsRequest.m in Sources */ = {isa = PBXBuildFile; fileRef = D88969A512BAE154007C5783 /* CSClientsRequest.m */; };
		D88969DD12BAE9C9007C5783 /* CSClient.m in Sources */ = {isa = PBXBuildFile; fileRef = D88969DC12BAE9C9007C5783 /* CSClient.m */; };
		D88969DE12BAE9C9007C5783 /* CSClient.h in Headers */ = {isa = PBXBuildFile; fileRef = D88969DB12BAE9C9007C5783 /* CSClient.h */; };
		D88969DF12BAE9C9007C5783 /* CSClient.m in Sources */ = {isa = PBXBuildFile; fileRef = D88969DC12BAE9C9007C5783 /* CSClient.m */; };
		D8896A1012BAFDC9007C5783 /* CSCountriesRequest.m in Sources */ = {isa = PBXBuildFile; fileRef = D8896A0F12BAFDC9007C5783 /* CSCountriesRequest.m */; };
		D8896A1112BAFDC9007C5783 /* CSCountriesRequest.h in Headers */ = {isa = PBXBuildFile; fileRef = D8896A0E12BAFDC9007C5783 /* CSCountriesRequest.h */; };
		D8896A1212BAFDC9007C5783 /* CSCountriesRequest.m in Sources */ = {isa = PBXBuildFile; fileRef = D8896A0F12BAFDC9007C5783 /* CSCountriesRequest.m */; };
		D8896A6A12BB0481007C5783 /* CSTimezonesRequest.m in Sources */ = {isa = PBXBuildFile; fileRef = D8896A6912BB0481007C5783 /* CSTimezonesRequest.m */; };
		D8896A6B12BB0481007C5783 /* CSTimezonesRequest.h in Headers */ = {isa = PBXBuildFile; fileRef = D8896A6812BB0481007C5783 /* CSTimezonesRequest.h */; };
		D8896A6C12BB0481007C5783 /* CSTimezonesRequest.m in Sources */ = {isa = PBXBuildFile; fileRef = D8896A6912BB0481007C5783 /* CSTimezonesRequest.m */; };
		D8896A8312BB066B007C5783 /* CSSystemDateRequest.m in Sources */ = {isa = PBXBuildFile; fileRef = D8896A8212BB066B007C5783 /* CSSystemDateRequest.m */; };
		D8896A8412BB066B007C5783 /* CSSystemDateRequest.h in Headers */ = {isa = PBXBuildFile; fileRef = D8896A8112BB066B007C5783 /* CSSystemDateRequest.h */; };
		D8896A8512BB066B007C5783 /* CSSystemDateRequest.m in Sources */ = {isa = PBXBuildFile; fileRef = D8896A8212BB066B007C5783 /* CSSystemDateRequest.m */; };
		D8896AA912BB1E25007C5783 /* CSCampaignTests.m in Sources */ = {isa = PBXBuildFile; fileRef = D8896AA812BB1E25007C5783 /* CSCampaignTests.m */; };
		D8896AAA12BB1E25007C5783 /* CSCampaignTests.m in Sources */ = {isa = PBXBuildFile; fileRef = D8896AA812BB1E25007C5783 /* CSCampaignTests.m */; };
		D8896AB812BB20B6007C5783 /* CSCampaignCreateRequest.m in Sources */ = {isa = PBXBuildFile; fileRef = D8896AB712BB20B6007C5783 /* CSCampaignCreateRequest.m */; };
		D8896AB912BB20B6007C5783 /* CSCampaignCreateRequest.h in Headers */ = {isa = PBXBuildFile; fileRef = D8896AB612BB20B6007C5783 /* CSCampaignCreateRequest.h */; };
		D8896ABA12BB20B6007C5783 /* CSCampaignCreateRequest.m in Sources */ = {isa = PBXBuildFile; fileRef = D8896AB712BB20B6007C5783 /* CSCampaignCreateRequest.m */; };
		D8896AE812BB27ED007C5783 /* CSListCreateRequest.m in Sources */ = {isa = PBXBuildFile; fileRef = D8896AE712BB27ED007C5783 /* CSListCreateRequest.m */; };
		D8896AE912BB27ED007C5783 /* CSListCreateRequest.h in Headers */ = {isa = PBXBuildFile; fileRef = D8896AE612BB27ED007C5783 /* CSListCreateRequest.h */; };
		D8896AEA12BB27ED007C5783 /* CSListCreateRequest.m in Sources */ = {isa = PBXBuildFile; fileRef = D8896AE712BB27ED007C5783 /* CSListCreateRequest.m */; };
		D8896AF612BB2B2B007C5783 /* CSListTests.m in Sources */ = {isa = PBXBuildFile; fileRef = D8896AF512BB2B2B007C5783 /* CSListTests.m */; };
		D8896AF712BB2B2B007C5783 /* CSListTests.m in Sources */ = {isa = PBXBuildFile; fileRef = D8896AF512BB2B2B007C5783 /* CSListTests.m */; };
		D8896B2A12BB3191007C5783 /* GHAsyncTestCase+ASIHTTPRequestAdditions.m in Sources */ = {isa = PBXBuildFile; fileRef = D8896B2912BB3191007C5783 /* GHAsyncTestCase+ASIHTTPRequestAdditions.m */; };
		D8896B5212BB3465007C5783 /* NSString+UUIDAdditions.m in Sources */ = {isa = PBXBuildFile; fileRef = D8896B5112BB3465007C5783 /* NSString+UUIDAdditions.m */; };
		D8896B5312BB3465007C5783 /* NSString+UUIDAdditions.h in Headers */ = {isa = PBXBuildFile; fileRef = D8896B5012BB3465007C5783 /* NSString+UUIDAdditions.h */; };
		D8896B5412BB3465007C5783 /* NSString+UUIDAdditions.m in Sources */ = {isa = PBXBuildFile; fileRef = D8896B5112BB3465007C5783 /* NSString+UUIDAdditions.m */; };
		D8CE1D8E12B74ED0002D871F /* GHUnitIOSTestMain.m in Sources */ = {isa = PBXBuildFile; fileRef = D8CE1D8C12B74ED0002D871F /* GHUnitIOSTestMain.m */; };
		D8CE1DB112B7515A002D871F /* Tests.xcconfig in Resources */ = {isa = PBXBuildFile; fileRef = D8CE1DB012B7515A002D871F /* Tests.xcconfig */; };
		D8CE1E0912B7546D002D871F /* ASIAuthenticationDialog.m in Sources */ = {isa = PBXBuildFile; fileRef = D8CE1DF612B7546D002D871F /* ASIAuthenticationDialog.m */; };
		D8CE1E0A12B7546D002D871F /* ASIDataCompressor.m in Sources */ = {isa = PBXBuildFile; fileRef = D8CE1DF912B7546D002D871F /* ASIDataCompressor.m */; };
		D8CE1E0B12B7546D002D871F /* ASIDataDecompressor.m in Sources */ = {isa = PBXBuildFile; fileRef = D8CE1DFB12B7546D002D871F /* ASIDataDecompressor.m */; };
		D8CE1E0C12B7546D002D871F /* ASIDownloadCache.m in Sources */ = {isa = PBXBuildFile; fileRef = D8CE1DFD12B7546D002D871F /* ASIDownloadCache.m */; };
		D8CE1E0D12B7546D002D871F /* ASIFormDataRequest.m in Sources */ = {isa = PBXBuildFile; fileRef = D8CE1DFF12B7546D002D871F /* ASIFormDataRequest.m */; };
		D8CE1E0E12B7546D002D871F /* ASIHTTPRequest.m in Sources */ = {isa = PBXBuildFile; fileRef = D8CE1E0112B7546D002D871F /* ASIHTTPRequest.m */; };
		D8CE1E0F12B7546D002D871F /* ASIInputStream.m in Sources */ = {isa = PBXBuildFile; fileRef = D8CE1E0512B7546D002D871F /* ASIInputStream.m */; };
		D8CE1E1012B7546D002D871F /* ASINetworkQueue.m in Sources */ = {isa = PBXBuildFile; fileRef = D8CE1E0712B7546D002D871F /* ASINetworkQueue.m */; };
		D8CE1E1A12B754A0002D871F /* Reachability.m in Sources */ = {isa = PBXBuildFile; fileRef = D8CE1E1912B754A0002D871F /* Reachability.m */; };
/* End PBXBuildFile section */

/* Begin PBXFileReference section */
		AA747D9E0F9514B9006C5449 /* CreateSend_Prefix.pch */ = {isa = PBXFileReference; fileEncoding = 4; lastKnownFileType = sourcecode.c.h; path = CreateSend_Prefix.pch; sourceTree = SOURCE_ROOT; };
		D2AAC07E0554694100DB518D /* libCreateSend.a */ = {isa = PBXFileReference; explicitFileType = archive.ar; includeInIndex = 0; path = libCreateSend.a; sourceTree = BUILT_PRODUCTS_DIR; };
		D889680E12B9D58D007C5783 /* CSAPIKeyRequest.h */ = {isa = PBXFileReference; fileEncoding = 4; lastKnownFileType = sourcecode.c.h; path = CSAPIKeyRequest.h; sourceTree = "<group>"; };
		D889680F12B9D58D007C5783 /* CSAPIKeyRequest.m */ = {isa = PBXFileReference; fileEncoding = 4; lastKnownFileType = sourcecode.c.objc; path = CSAPIKeyRequest.m; sourceTree = "<group>"; };
		D889681312B9D65E007C5783 /* CSAPIRequest.h */ = {isa = PBXFileReference; fileEncoding = 4; lastKnownFileType = sourcecode.c.h; path = CSAPIRequest.h; sourceTree = "<group>"; };
		D889681412B9D65E007C5783 /* CSAPIRequest.m */ = {isa = PBXFileReference; fileEncoding = 4; lastKnownFileType = sourcecode.c.objc; path = CSAPIRequest.m; sourceTree = "<group>"; };
		D889682812B9E12E007C5783 /* CSDebuggingMacros.h */ = {isa = PBXFileReference; fileEncoding = 4; lastKnownFileType = sourcecode.c.h; path = CSDebuggingMacros.h; sourceTree = "<group>"; };
		D889684D12B9E369007C5783 /* YAJL.framework */ = {isa = PBXFileReference; lastKnownFileType = wrapper.framework; name = YAJL.framework; path = External/YAJL/YAJL.framework; sourceTree = "<group>"; };
		D889687B12B9E638007C5783 /* CSAccountTests.m */ = {isa = PBXFileReference; fileEncoding = 4; lastKnownFileType = sourcecode.c.objc; path = CSAccountTests.m; sourceTree = "<group>"; };
		D88968DE12B9F08F007C5783 /* NSString+URLEncoding.h */ = {isa = PBXFileReference; fileEncoding = 4; lastKnownFileType = sourcecode.c.h; path = "NSString+URLEncoding.h"; sourceTree = "<group>"; };
		D88968DF12B9F08F007C5783 /* NSString+URLEncoding.m */ = {isa = PBXFileReference; fileEncoding = 4; lastKnownFileType = sourcecode.c.objc; path = "NSString+URLEncoding.m"; sourceTree = "<group>"; };
		D88969A412BAE154007C5783 /* CSClientsRequest.h */ = {isa = PBXFileReference; fileEncoding = 4; lastKnownFileType = sourcecode.c.h; path = CSClientsRequest.h; sourceTree = "<group>"; };
		D88969A512BAE154007C5783 /* CSClientsRequest.m */ = {isa = PBXFileReference; fileEncoding = 4; lastKnownFileType = sourcecode.c.objc; path = CSClientsRequest.m; sourceTree = "<group>"; };
		D88969DB12BAE9C9007C5783 /* CSClient.h */ = {isa = PBXFileReference; fileEncoding = 4; lastKnownFileType = sourcecode.c.h; path = CSClient.h; sourceTree = "<group>"; };
		D88969DC12BAE9C9007C5783 /* CSClient.m */ = {isa = PBXFileReference; fileEncoding = 4; lastKnownFileType = sourcecode.c.objc; path = CSClient.m; sourceTree = "<group>"; };
		D8896A0E12BAFDC9007C5783 /* CSCountriesRequest.h */ = {isa = PBXFileReference; fileEncoding = 4; lastKnownFileType = sourcecode.c.h; path = CSCountriesRequest.h; sourceTree = "<group>"; };
		D8896A0F12BAFDC9007C5783 /* CSCountriesRequest.m */ = {isa = PBXFileReference; fileEncoding = 4; lastKnownFileType = sourcecode.c.objc; path = CSCountriesRequest.m; sourceTree = "<group>"; };
		D8896A6812BB0481007C5783 /* CSTimezonesRequest.h */ = {isa = PBXFileReference; fileEncoding = 4; lastKnownFileType = sourcecode.c.h; path = CSTimezonesRequest.h; sourceTree = "<group>"; };
		D8896A6912BB0481007C5783 /* CSTimezonesRequest.m */ = {isa = PBXFileReference; fileEncoding = 4; lastKnownFileType = sourcecode.c.objc; path = CSTimezonesRequest.m; sourceTree = "<group>"; };
		D8896A8112BB066B007C5783 /* CSSystemDateRequest.h */ = {isa = PBXFileReference; fileEncoding = 4; lastKnownFileType = sourcecode.c.h; path = CSSystemDateRequest.h; sourceTree = "<group>"; };
		D8896A8212BB066B007C5783 /* CSSystemDateRequest.m */ = {isa = PBXFileReference; fileEncoding = 4; lastKnownFileType = sourcecode.c.objc; path = CSSystemDateRequest.m; sourceTree = "<group>"; };
		D8896AA812BB1E25007C5783 /* CSCampaignTests.m */ = {isa = PBXFileReference; fileEncoding = 4; lastKnownFileType = sourcecode.c.objc; path = CSCampaignTests.m; sourceTree = "<group>"; };
		D8896AB612BB20B6007C5783 /* CSCampaignCreateRequest.h */ = {isa = PBXFileReference; fileEncoding = 4; lastKnownFileType = sourcecode.c.h; path = CSCampaignCreateRequest.h; sourceTree = "<group>"; };
		D8896AB712BB20B6007C5783 /* CSCampaignCreateRequest.m */ = {isa = PBXFileReference; fileEncoding = 4; lastKnownFileType = sourcecode.c.objc; path = CSCampaignCreateRequest.m; sourceTree = "<group>"; };
		D8896AE612BB27ED007C5783 /* CSListCreateRequest.h */ = {isa = PBXFileReference; fileEncoding = 4; lastKnownFileType = sourcecode.c.h; path = CSListCreateRequest.h; sourceTree = "<group>"; };
		D8896AE712BB27ED007C5783 /* CSListCreateRequest.m */ = {isa = PBXFileReference; fileEncoding = 4; lastKnownFileType = sourcecode.c.objc; path = CSListCreateRequest.m; sourceTree = "<group>"; };
		D8896AF512BB2B2B007C5783 /* CSListTests.m */ = {isa = PBXFileReference; fileEncoding = 4; lastKnownFileType = sourcecode.c.objc; path = CSListTests.m; sourceTree = "<group>"; };
		D8896B2812BB3191007C5783 /* GHAsyncTestCase+ASIHTTPRequestAdditions.h */ = {isa = PBXFileReference; fileEncoding = 4; lastKnownFileType = sourcecode.c.h; name = "GHAsyncTestCase+ASIHTTPRequestAdditions.h"; path = "../Tests/GHAsyncTestCase+ASIHTTPRequestAdditions.h"; sourceTree = "<group>"; };
		D8896B2912BB3191007C5783 /* GHAsyncTestCase+ASIHTTPRequestAdditions.m */ = {isa = PBXFileReference; fileEncoding = 4; lastKnownFileType = sourcecode.c.objc; name = "GHAsyncTestCase+ASIHTTPRequestAdditions.m"; path = "../Tests/GHAsyncTestCase+ASIHTTPRequestAdditions.m"; sourceTree = "<group>"; };
		D8896B5012BB3465007C5783 /* NSString+UUIDAdditions.h */ = {isa = PBXFileReference; fileEncoding = 4; lastKnownFileType = sourcecode.c.h; path = "NSString+UUIDAdditions.h"; sourceTree = "<group>"; };
		D8896B5112BB3465007C5783 /* NSString+UUIDAdditions.m */ = {isa = PBXFileReference; fileEncoding = 4; lastKnownFileType = sourcecode.c.objc; path = "NSString+UUIDAdditions.m"; sourceTree = "<group>"; };
		D8CE1D0612B73F19002D871F /* Shared.xcconfig */ = {isa = PBXFileReference; fileEncoding = 4; lastKnownFileType = text.xcconfig; path = Shared.xcconfig; sourceTree = "<group>"; };
		D8CE1D0712B73F28002D871F /* Debug.xcconfig */ = {isa = PBXFileReference; fileEncoding = 4; lastKnownFileType = text.xcconfig; path = Debug.xcconfig; sourceTree = "<group>"; };
		D8CE1D0812B73F2F002D871F /* Release.xcconfig */ = {isa = PBXFileReference; fileEncoding = 4; lastKnownFileType = text.xcconfig; path = Release.xcconfig; sourceTree = "<group>"; };
		D8CE1D8212B74EAB002D871F /* CreateSendTests.app */ = {isa = PBXFileReference; explicitFileType = wrapper.application; includeInIndex = 0; path = CreateSendTests.app; sourceTree = BUILT_PRODUCTS_DIR; };
		D8CE1D8412B74EAB002D871F /* CreateSendTests-Info.plist */ = {isa = PBXFileReference; lastKnownFileType = text.plist.xml; path = "CreateSendTests-Info.plist"; sourceTree = "<group>"; };
		D8CE1D8B12B74ED0002D871F /* GHUnit.framework */ = {isa = PBXFileReference; lastKnownFileType = wrapper.framework; name = GHUnit.framework; path = External/GHUnit/GHUnit.framework; sourceTree = "<group>"; };
		D8CE1D8C12B74ED0002D871F /* GHUnitIOSTestMain.m */ = {isa = PBXFileReference; fileEncoding = 4; lastKnownFileType = sourcecode.c.objc; name = GHUnitIOSTestMain.m; path = External/GHUnit/GHUnitIOSTestMain.m; sourceTree = "<group>"; };
		D8CE1DB012B7515A002D871F /* Tests.xcconfig */ = {isa = PBXFileReference; fileEncoding = 4; lastKnownFileType = text.xcconfig; path = Tests.xcconfig; sourceTree = "<group>"; };
		D8CE1DC712B75291002D871F /* CreateSendTests_Prefix.pch */ = {isa = PBXFileReference; fileEncoding = 4; lastKnownFileType = sourcecode.c.h; path = CreateSendTests_Prefix.pch; sourceTree = "<group>"; };
		D8CE1DF512B7546D002D871F /* ASIAuthenticationDialog.h */ = {isa = PBXFileReference; fileEncoding = 4; lastKnownFileType = sourcecode.c.h; name = ASIAuthenticationDialog.h; path = External/ASIHTTPRequest/Classes/ASIAuthenticationDialog.h; sourceTree = "<group>"; };
		D8CE1DF612B7546D002D871F /* ASIAuthenticationDialog.m */ = {isa = PBXFileReference; fileEncoding = 4; lastKnownFileType = sourcecode.c.objc; name = ASIAuthenticationDialog.m; path = External/ASIHTTPRequest/Classes/ASIAuthenticationDialog.m; sourceTree = "<group>"; };
		D8CE1DF712B7546D002D871F /* ASICacheDelegate.h */ = {isa = PBXFileReference; fileEncoding = 4; lastKnownFileType = sourcecode.c.h; name = ASICacheDelegate.h; path = External/ASIHTTPRequest/Classes/ASICacheDelegate.h; sourceTree = "<group>"; };
		D8CE1DF812B7546D002D871F /* ASIDataCompressor.h */ = {isa = PBXFileReference; fileEncoding = 4; lastKnownFileType = sourcecode.c.h; name = ASIDataCompressor.h; path = External/ASIHTTPRequest/Classes/ASIDataCompressor.h; sourceTree = "<group>"; };
		D8CE1DF912B7546D002D871F /* ASIDataCompressor.m */ = {isa = PBXFileReference; fileEncoding = 4; lastKnownFileType = sourcecode.c.objc; name = ASIDataCompressor.m; path = External/ASIHTTPRequest/Classes/ASIDataCompressor.m; sourceTree = "<group>"; };
		D8CE1DFA12B7546D002D871F /* ASIDataDecompressor.h */ = {isa = PBXFileReference; fileEncoding = 4; lastKnownFileType = sourcecode.c.h; name = ASIDataDecompressor.h; path = External/ASIHTTPRequest/Classes/ASIDataDecompressor.h; sourceTree = "<group>"; };
		D8CE1DFB12B7546D002D871F /* ASIDataDecompressor.m */ = {isa = PBXFileReference; fileEncoding = 4; lastKnownFileType = sourcecode.c.objc; name = ASIDataDecompressor.m; path = External/ASIHTTPRequest/Classes/ASIDataDecompressor.m; sourceTree = "<group>"; };
		D8CE1DFC12B7546D002D871F /* ASIDownloadCache.h */ = {isa = PBXFileReference; fileEncoding = 4; lastKnownFileType = sourcecode.c.h; name = ASIDownloadCache.h; path = External/ASIHTTPRequest/Classes/ASIDownloadCache.h; sourceTree = "<group>"; };
		D8CE1DFD12B7546D002D871F /* ASIDownloadCache.m */ = {isa = PBXFileReference; fileEncoding = 4; lastKnownFileType = sourcecode.c.objc; name = ASIDownloadCache.m; path = External/ASIHTTPRequest/Classes/ASIDownloadCache.m; sourceTree = "<group>"; };
		D8CE1DFE12B7546D002D871F /* ASIFormDataRequest.h */ = {isa = PBXFileReference; fileEncoding = 4; lastKnownFileType = sourcecode.c.h; name = ASIFormDataRequest.h; path = External/ASIHTTPRequest/Classes/ASIFormDataRequest.h; sourceTree = "<group>"; };
		D8CE1DFF12B7546D002D871F /* ASIFormDataRequest.m */ = {isa = PBXFileReference; fileEncoding = 4; lastKnownFileType = sourcecode.c.objc; name = ASIFormDataRequest.m; path = External/ASIHTTPRequest/Classes/ASIFormDataRequest.m; sourceTree = "<group>"; };
		D8CE1E0012B7546D002D871F /* ASIHTTPRequest.h */ = {isa = PBXFileReference; fileEncoding = 4; lastKnownFileType = sourcecode.c.h; name = ASIHTTPRequest.h; path = External/ASIHTTPRequest/Classes/ASIHTTPRequest.h; sourceTree = "<group>"; };
		D8CE1E0112B7546D002D871F /* ASIHTTPRequest.m */ = {isa = PBXFileReference; fileEncoding = 4; lastKnownFileType = sourcecode.c.objc; name = ASIHTTPRequest.m; path = External/ASIHTTPRequest/Classes/ASIHTTPRequest.m; sourceTree = "<group>"; };
		D8CE1E0212B7546D002D871F /* ASIHTTPRequestConfig.h */ = {isa = PBXFileReference; fileEncoding = 4; lastKnownFileType = sourcecode.c.h; name = ASIHTTPRequestConfig.h; path = External/ASIHTTPRequest/Classes/ASIHTTPRequestConfig.h; sourceTree = "<group>"; };
		D8CE1E0312B7546D002D871F /* ASIHTTPRequestDelegate.h */ = {isa = PBXFileReference; fileEncoding = 4; lastKnownFileType = sourcecode.c.h; name = ASIHTTPRequestDelegate.h; path = External/ASIHTTPRequest/Classes/ASIHTTPRequestDelegate.h; sourceTree = "<group>"; };
		D8CE1E0412B7546D002D871F /* ASIInputStream.h */ = {isa = PBXFileReference; fileEncoding = 4; lastKnownFileType = sourcecode.c.h; name = ASIInputStream.h; path = External/ASIHTTPRequest/Classes/ASIInputStream.h; sourceTree = "<group>"; };
		D8CE1E0512B7546D002D871F /* ASIInputStream.m */ = {isa = PBXFileReference; fileEncoding = 4; lastKnownFileType = sourcecode.c.objc; name = ASIInputStream.m; path = External/ASIHTTPRequest/Classes/ASIInputStream.m; sourceTree = "<group>"; };
		D8CE1E0612B7546D002D871F /* ASINetworkQueue.h */ = {isa = PBXFileReference; fileEncoding = 4; lastKnownFileType = sourcecode.c.h; name = ASINetworkQueue.h; path = External/ASIHTTPRequest/Classes/ASINetworkQueue.h; sourceTree = "<group>"; };
		D8CE1E0712B7546D002D871F /* ASINetworkQueue.m */ = {isa = PBXFileReference; fileEncoding = 4; lastKnownFileType = sourcecode.c.objc; name = ASINetworkQueue.m; path = External/ASIHTTPRequest/Classes/ASINetworkQueue.m; sourceTree = "<group>"; };
		D8CE1E0812B7546D002D871F /* ASIProgressDelegate.h */ = {isa = PBXFileReference; fileEncoding = 4; lastKnownFileType = sourcecode.c.h; name = ASIProgressDelegate.h; path = External/ASIHTTPRequest/Classes/ASIProgressDelegate.h; sourceTree = "<group>"; };
		D8CE1E1812B754A0002D871F /* Reachability.h */ = {isa = PBXFileReference; fileEncoding = 4; lastKnownFileType = sourcecode.c.h; name = Reachability.h; path = External/ASIHTTPRequest/External/Reachability/Reachability.h; sourceTree = "<group>"; };
		D8CE1E1912B754A0002D871F /* Reachability.m */ = {isa = PBXFileReference; fileEncoding = 4; lastKnownFileType = sourcecode.c.objc; name = Reachability.m; path = External/ASIHTTPRequest/External/Reachability/Reachability.m; sourceTree = "<group>"; };
/* End PBXFileReference section */

/* Begin PBXFrameworksBuildPhase section */
		D2AAC07C0554694100DB518D /* Frameworks */ = {
			isa = PBXFrameworksBuildPhase;
			buildActionMask = 2147483647;
			files = (
			);
			runOnlyForDeploymentPostprocessing = 0;
		};
		D8CE1D8012B74EAB002D871F /* Frameworks */ = {
			isa = PBXFrameworksBuildPhase;
			buildActionMask = 2147483647;
			files = (
			);
			runOnlyForDeploymentPostprocessing = 0;
		};
/* End PBXFrameworksBuildPhase section */

/* Begin PBXGroup section */
		034768DFFF38A50411DB9C8B /* Products */ = {
			isa = PBXGroup;
			children = (
				D2AAC07E0554694100DB518D /* libCreateSend.a */,
				D8CE1D8212B74EAB002D871F /* CreateSendTests.app */,
			);
			name = Products;
			sourceTree = "<group>";
		};
		0867D691FE84028FC02AAC07 /* CreateSend */ = {
			isa = PBXGroup;
			children = (
				D8CE1E3212B7570D002D871F /* Tests */,
				D8CE1D8812B74EB6002D871F /* External */,
				08FB77AEFE84172EC02AAC07 /* Classes */,
				32C88DFF0371C24200C91783 /* Other Sources */,
				034768DFFF38A50411DB9C8B /* Products */,
				D8CE1D0512B73F04002D871F /* Configuration */,
				D8CE1D8412B74EAB002D871F /* CreateSendTests-Info.plist */,
			);
			name = CreateSend;
			sourceTree = "<group>";
		};
		08FB77AEFE84172EC02AAC07 /* Classes */ = {
			isa = PBXGroup;
			children = (
				D88969AA12BAE173007C5783 /* API */,
				D88969AB12BAE181007C5783 /* Categories */,
				D88969DA12BAE9B2007C5783 /* Models */,
			);
			path = Classes;
			sourceTree = "<group>";
		};
		32C88DFF0371C24200C91783 /* Other Sources */ = {
			isa = PBXGroup;
			children = (
				AA747D9E0F9514B9006C5449 /* CreateSend_Prefix.pch */,
				D8CE1DC712B75291002D871F /* CreateSendTests_Prefix.pch */,
				D889682812B9E12E007C5783 /* CSDebuggingMacros.h */,
			);
			name = "Other Sources";
			sourceTree = "<group>";
		};
		D889683412B9E305007C5783 /* YAJL */ = {
			isa = PBXGroup;
			children = (
				D889684D12B9E369007C5783 /* YAJL.framework */,
			);
			name = YAJL;
			sourceTree = "<group>";
		};
		D88969A912BAE15C007C5783 /* Accounts */ = {
			isa = PBXGroup;
			children = (
				D889680E12B9D58D007C5783 /* CSAPIKeyRequest.h */,
				D889680F12B9D58D007C5783 /* CSAPIKeyRequest.m */,
				D88969A412BAE154007C5783 /* CSClientsRequest.h */,
				D88969A512BAE154007C5783 /* CSClientsRequest.m */,
				D8896A0E12BAFDC9007C5783 /* CSCountriesRequest.h */,
				D8896A0F12BAFDC9007C5783 /* CSCountriesRequest.m */,
				D8896A6812BB0481007C5783 /* CSTimezonesRequest.h */,
				D8896A6912BB0481007C5783 /* CSTimezonesRequest.m */,
				D8896A8112BB066B007C5783 /* CSSystemDateRequest.h */,
				D8896A8212BB066B007C5783 /* CSSystemDateRequest.m */,
			);
			name = Accounts;
			sourceTree = "<group>";
		};
		D88969AA12BAE173007C5783 /* API */ = {
			isa = PBXGroup;
			children = (
				D88969A912BAE15C007C5783 /* Accounts */,
				D8896AB312BB2097007C5783 /* Campaigns */,
				D8896AE312BB27C4007C5783 /* Lists */,
				D889681312B9D65E007C5783 /* CSAPIRequest.h */,
				D889681412B9D65E007C5783 /* CSAPIRequest.m */,
			);
			name = API;
			sourceTree = "<group>";
		};
		D88969AB12BAE181007C5783 /* Categories */ = {
			isa = PBXGroup;
			children = (
				D88968DE12B9F08F007C5783 /* NSString+URLEncoding.h */,
				D88968DF12B9F08F007C5783 /* NSString+URLEncoding.m */,
				D8896B2812BB3191007C5783 /* GHAsyncTestCase+ASIHTTPRequestAdditions.h */,
				D8896B2912BB3191007C5783 /* GHAsyncTestCase+ASIHTTPRequestAdditions.m */,
				D8896B5012BB3465007C5783 /* NSString+UUIDAdditions.h */,
				D8896B5112BB3465007C5783 /* NSString+UUIDAdditions.m */,
			);
			name = Categories;
			sourceTree = "<group>";
		};
		D88969DA12BAE9B2007C5783 /* Models */ = {
			isa = PBXGroup;
			children = (
				D88969DB12BAE9C9007C5783 /* CSClient.h */,
				D88969DC12BAE9C9007C5783 /* CSClient.m */,
			);
			name = Models;
			sourceTree = "<group>";
		};
		D8896AB312BB2097007C5783 /* Campaigns */ = {
			isa = PBXGroup;
			children = (
				D8896AB612BB20B6007C5783 /* CSCampaignCreateRequest.h */,
				D8896AB712BB20B6007C5783 /* CSCampaignCreateRequest.m */,
			);
			name = Campaigns;
			sourceTree = "<group>";
		};
		D8896AE312BB27C4007C5783 /* Lists */ = {
			isa = PBXGroup;
			children = (
				D8896AE612BB27ED007C5783 /* CSListCreateRequest.h */,
				D8896AE712BB27ED007C5783 /* CSListCreateRequest.m */,
			);
			name = Lists;
			sourceTree = "<group>";
		};
		D8CE1D0512B73F04002D871F /* Configuration */ = {
			isa = PBXGroup;
			children = (
				D8CE1D0712B73F28002D871F /* Debug.xcconfig */,
				D8CE1D0812B73F2F002D871F /* Release.xcconfig */,
				D8CE1D0612B73F19002D871F /* Shared.xcconfig */,
				D8CE1DB012B7515A002D871F /* Tests.xcconfig */,
			);
			path = Configuration;
			sourceTree = "<group>";
		};
		D8CE1D8812B74EB6002D871F /* External */ = {
			isa = PBXGroup;
			children = (
				D889683412B9E305007C5783 /* YAJL */,
				D8CE1DF312B75454002D871F /* ASIHTTPRequest */,
				D8CE1D8912B74EBE002D871F /* GHUnit */,
				D8CE1E1612B75498002D871F /* Reachability */,
			);
			name = External;
			sourceTree = "<group>";
		};
		D8CE1D8912B74EBE002D871F /* GHUnit */ = {
			isa = PBXGroup;
			children = (
				D8CE1D8B12B74ED0002D871F /* GHUnit.framework */,
				D8CE1D8C12B74ED0002D871F /* GHUnitIOSTestMain.m */,
			);
			name = GHUnit;
			sourceTree = "<group>";
		};
		D8CE1DF312B75454002D871F /* ASIHTTPRequest */ = {
			isa = PBXGroup;
			children = (
				D8CE1DF512B7546D002D871F /* ASIAuthenticationDialog.h */,
				D8CE1DF612B7546D002D871F /* ASIAuthenticationDialog.m */,
				D8CE1DF712B7546D002D871F /* ASICacheDelegate.h */,
				D8CE1DF812B7546D002D871F /* ASIDataCompressor.h */,
				D8CE1DF912B7546D002D871F /* ASIDataCompressor.m */,
				D8CE1DFA12B7546D002D871F /* ASIDataDecompressor.h */,
				D8CE1DFB12B7546D002D871F /* ASIDataDecompressor.m */,
				D8CE1DFC12B7546D002D871F /* ASIDownloadCache.h */,
				D8CE1DFD12B7546D002D871F /* ASIDownloadCache.m */,
				D8CE1DFE12B7546D002D871F /* ASIFormDataRequest.h */,
				D8CE1DFF12B7546D002D871F /* ASIFormDataRequest.m */,
				D8CE1E0012B7546D002D871F /* ASIHTTPRequest.h */,
				D8CE1E0112B7546D002D871F /* ASIHTTPRequest.m */,
				D8CE1E0212B7546D002D871F /* ASIHTTPRequestConfig.h */,
				D8CE1E0312B7546D002D871F /* ASIHTTPRequestDelegate.h */,
				D8CE1E0412B7546D002D871F /* ASIInputStream.h */,
				D8CE1E0512B7546D002D871F /* ASIInputStream.m */,
				D8CE1E0612B7546D002D871F /* ASINetworkQueue.h */,
				D8CE1E0712B7546D002D871F /* ASINetworkQueue.m */,
				D8CE1E0812B7546D002D871F /* ASIProgressDelegate.h */,
			);
			name = ASIHTTPRequest;
			sourceTree = "<group>";
		};
		D8CE1E1612B75498002D871F /* Reachability */ = {
			isa = PBXGroup;
			children = (
				D8CE1E1812B754A0002D871F /* Reachability.h */,
				D8CE1E1912B754A0002D871F /* Reachability.m */,
			);
			name = Reachability;
			sourceTree = "<group>";
		};
		D8CE1E3212B7570D002D871F /* Tests */ = {
			isa = PBXGroup;
			children = (
				D889687B12B9E638007C5783 /* CSAccountTests.m */,
				D8896AA812BB1E25007C5783 /* CSCampaignTests.m */,
				D8896AF512BB2B2B007C5783 /* CSListTests.m */,
			);
			path = Tests;
			sourceTree = "<group>";
		};
/* End PBXGroup section */

/* Begin PBXHeadersBuildPhase section */
		D2AAC07A0554694100DB518D /* Headers */ = {
			isa = PBXHeadersBuildPhase;
			buildActionMask = 2147483647;
			files = (
				AA747D9F0F9514B9006C5449 /* CreateSend_Prefix.pch in Headers */,
				D889681112B9D58D007C5783 /* CSAPIKeyRequest.h in Headers */,
				D889681612B9D65E007C5783 /* CSAPIRequest.h in Headers */,
				D889682912B9E12E007C5783 /* CSDebuggingMacros.h in Headers */,
				D88968E112B9F08F007C5783 /* NSString+URLEncoding.h in Headers */,
				D88969A712BAE154007C5783 /* CSClientsRequest.h in Headers */,
				D88969DE12BAE9C9007C5783 /* CSClient.h in Headers */,
				D8896A1112BAFDC9007C5783 /* CSCountriesRequest.h in Headers */,
				D8896A6B12BB0481007C5783 /* CSTimezonesRequest.h in Headers */,
				D8896A8412BB066B007C5783 /* CSSystemDateRequest.h in Headers */,
				D8896AB912BB20B6007C5783 /* CSCampaignCreateRequest.h in Headers */,
				D8896AE912BB27ED007C5783 /* CSListCreateRequest.h in Headers */,
				D8896B5312BB3465007C5783 /* NSString+UUIDAdditions.h in Headers */,
			);
			runOnlyForDeploymentPostprocessing = 0;
		};
/* End PBXHeadersBuildPhase section */

/* Begin PBXNativeTarget section */
		D2AAC07D0554694100DB518D /* CreateSend */ = {
			isa = PBXNativeTarget;
			buildConfigurationList = 1DEB921E08733DC00010E9CD /* Build configuration list for PBXNativeTarget "CreateSend" */;
			buildPhases = (
				D2AAC07A0554694100DB518D /* Headers */,
				D2AAC07B0554694100DB518D /* Sources */,
				D2AAC07C0554694100DB518D /* Frameworks */,
			);
			buildRules = (
			);
			dependencies = (
			);
			name = CreateSend;
			productName = CreateSend;
			productReference = D2AAC07E0554694100DB518D /* libCreateSend.a */;
			productType = "com.apple.product-type.library.static";
		};
		D8CE1D8112B74EAB002D871F /* CreateSendTests */ = {
			isa = PBXNativeTarget;
			buildConfigurationList = D8CE1D8712B74EAB002D871F /* Build configuration list for PBXNativeTarget "CreateSendTests" */;
			buildPhases = (
				D8CE1D7E12B74EAB002D871F /* Resources */,
				D8CE1D7F12B74EAB002D871F /* Sources */,
				D8CE1D8012B74EAB002D871F /* Frameworks */,
				D8CE1DA612B74FE8002D871F /* ShellScript */,
			);
			buildRules = (
			);
			dependencies = (
			);
			name = CreateSendTests;
			productName = CreateSendTests;
			productReference = D8CE1D8212B74EAB002D871F /* CreateSendTests.app */;
			productType = "com.apple.product-type.application";
		};
/* End PBXNativeTarget section */

/* Begin PBXProject section */
		0867D690FE84028FC02AAC07 /* Project object */ = {
			isa = PBXProject;
			buildConfigurationList = 1DEB922208733DC00010E9CD /* Build configuration list for PBXProject "CreateSend" */;
			compatibilityVersion = "Xcode 3.1";
			developmentRegion = English;
			hasScannedForEncodings = 1;
			knownRegions = (
				English,
				Japanese,
				French,
				German,
			);
			mainGroup = 0867D691FE84028FC02AAC07 /* CreateSend */;
			productRefGroup = 034768DFFF38A50411DB9C8B /* Products */;
			projectDirPath = "";
			projectRoot = "";
			targets = (
				D2AAC07D0554694100DB518D /* CreateSend */,
				D8CE1D8112B74EAB002D871F /* CreateSendTests */,
			);
		};
/* End PBXProject section */

/* Begin PBXResourcesBuildPhase section */
		D8CE1D7E12B74EAB002D871F /* Resources */ = {
			isa = PBXResourcesBuildPhase;
			buildActionMask = 2147483647;
			files = (
				D8CE1DB112B7515A002D871F /* Tests.xcconfig in Resources */,
			);
			runOnlyForDeploymentPostprocessing = 0;
		};
/* End PBXResourcesBuildPhase section */

/* Begin PBXShellScriptBuildPhase section */
		D8CE1DA612B74FE8002D871F /* ShellScript */ = {
			isa = PBXShellScriptBuildPhase;
			buildActionMask = 2147483647;
			files = (
			);
			inputPaths = (
			);
			outputPaths = (
			);
			runOnlyForDeploymentPostprocessing = 0;
			shellPath = /bin/sh;
			shellScript = "sh External/GHUnit/RunTests.sh";
			showEnvVarsInLog = 0;
		};
/* End PBXShellScriptBuildPhase section */

/* Begin PBXSourcesBuildPhase section */
		D2AAC07B0554694100DB518D /* Sources */ = {
			isa = PBXSourcesBuildPhase;
			buildActionMask = 2147483647;
			files = (
				D889681212B9D58D007C5783 /* CSAPIKeyRequest.m in Sources */,
				D889681712B9D65E007C5783 /* CSAPIRequest.m in Sources */,
				D88968E212B9F08F007C5783 /* NSString+URLEncoding.m in Sources */,
				D88969A812BAE154007C5783 /* CSClientsRequest.m in Sources */,
				D88969DF12BAE9C9007C5783 /* CSClient.m in Sources */,
				D8896A1212BAFDC9007C5783 /* CSCountriesRequest.m in Sources */,
				D8896A6C12BB0481007C5783 /* CSTimezonesRequest.m in Sources */,
				D8896A8512BB066B007C5783 /* CSSystemDateRequest.m in Sources */,
				D8896AAA12BB1E25007C5783 /* CSCampaignTests.m in Sources */,
				D8896ABA12BB20B6007C5783 /* CSCampaignCreateRequest.m in Sources */,
				D8896AEA12BB27ED007C5783 /* CSListCreateRequest.m in Sources */,
				D8896AF712BB2B2B007C5783 /* CSListTests.m in Sources */,
				D8896B5412BB3465007C5783 /* NSString+UUIDAdditions.m in Sources */,
			);
			runOnlyForDeploymentPostprocessing = 0;
		};
		D8CE1D7F12B74EAB002D871F /* Sources */ = {
			isa = PBXSourcesBuildPhase;
			buildActionMask = 2147483647;
			files = (
				D8CE1D8E12B74ED0002D871F /* GHUnitIOSTestMain.m in Sources */,
				D8CE1E0912B7546D002D871F /* ASIAuthenticationDialog.m in Sources */,
				D8CE1E0A12B7546D002D871F /* ASIDataCompressor.m in Sources */,
				D8CE1E0B12B7546D002D871F /* ASIDataDecompressor.m in Sources */,
				D8CE1E0C12B7546D002D871F /* ASIDownloadCache.m in Sources */,
				D8CE1E0D12B7546D002D871F /* ASIFormDataRequest.m in Sources */,
				D8CE1E0E12B7546D002D871F /* ASIHTTPRequest.m in Sources */,
				D8CE1E0F12B7546D002D871F /* ASIInputStream.m in Sources */,
				D8CE1E1012B7546D002D871F /* ASINetworkQueue.m in Sources */,
				D8CE1E1A12B754A0002D871F /* Reachability.m in Sources */,
				D889681012B9D58D007C5783 /* CSAPIKeyRequest.m in Sources */,
				D889681512B9D65E007C5783 /* CSAPIRequest.m in Sources */,
				D889687C12B9E638007C5783 /* CSAccountTests.m in Sources */,
				D88968E012B9F08F007C5783 /* NSString+URLEncoding.m in Sources */,
				D88969A612BAE154007C5783 /* CSClientsRequest.m in Sources */,
				D88969DD12BAE9C9007C5783 /* CSClient.m in Sources */,
				D8896A1012BAFDC9007C5783 /* CSCountriesRequest.m in Sources */,
				D8896A6A12BB0481007C5783 /* CSTimezonesRequest.m in Sources */,
				D8896A8312BB066B007C5783 /* CSSystemDateRequest.m in Sources */,
				D8896AA912BB1E25007C5783 /* CSCampaignTests.m in Sources */,
				D8896AB812BB20B6007C5783 /* CSCampaignCreateRequest.m in Sources */,
				D8896AE812BB27ED007C5783 /* CSListCreateRequest.m in Sources */,
				D8896AF612BB2B2B007C5783 /* CSListTests.m in Sources */,
				D8896B2A12BB3191007C5783 /* GHAsyncTestCase+ASIHTTPRequestAdditions.m in Sources */,
				D8896B5212BB3465007C5783 /* NSString+UUIDAdditions.m in Sources */,
			);
			runOnlyForDeploymentPostprocessing = 0;
		};
/* End PBXSourcesBuildPhase section */

/* Begin XCBuildConfiguration section */
		1DEB921F08733DC00010E9CD /* Debug */ = {
			isa = XCBuildConfiguration;
			baseConfigurationReference = D8CE1D0712B73F28002D871F /* Debug.xcconfig */;
			buildSettings = {
				FRAMEWORK_SEARCH_PATHS = (
					"$(inherited)",
					"\"$(SRCROOT)/External/YAJL\"",
				);
			};
			name = Debug;
		};
		1DEB922008733DC00010E9CD /* Release */ = {
			isa = XCBuildConfiguration;
			baseConfigurationReference = D8CE1D0812B73F2F002D871F /* Release.xcconfig */;
			buildSettings = {
				FRAMEWORK_SEARCH_PATHS = (
					"$(inherited)",
					"\"$(SRCROOT)/External/YAJL\"",
				);
			};
			name = Release;
		};
		1DEB922308733DC00010E9CD /* Debug */ = {
			isa = XCBuildConfiguration;
			buildSettings = {
				ARCHS = "$(ARCHS_STANDARD_32_BIT)";
				GCC_C_LANGUAGE_STANDARD = c99;
				GCC_OPTIMIZATION_LEVEL = 0;
				GCC_WARN_ABOUT_RETURN_TYPE = YES;
				GCC_WARN_UNUSED_VARIABLE = YES;
				OTHER_LDFLAGS = "-ObjC";
				PREBINDING = NO;
				SDKROOT = iphoneos;
			};
			name = Debug;
		};
		1DEB922408733DC00010E9CD /* Release */ = {
			isa = XCBuildConfiguration;
			buildSettings = {
				ARCHS = "$(ARCHS_STANDARD_32_BIT)";
				GCC_C_LANGUAGE_STANDARD = c99;
				GCC_WARN_ABOUT_RETURN_TYPE = YES;
				GCC_WARN_UNUSED_VARIABLE = YES;
				OTHER_LDFLAGS = "-ObjC";
				PREBINDING = NO;
				SDKROOT = iphoneos;
			};
			name = Release;
		};
		D8CE1D8512B74EAB002D871F /* Debug */ = {
			isa = XCBuildConfiguration;
			baseConfigurationReference = D8CE1DB012B7515A002D871F /* Tests.xcconfig */;
			buildSettings = {
				FRAMEWORK_SEARCH_PATHS = (
					"$(inherited)",
					"\"$(SRCROOT)/External/YAJL\"",
				);
			};
			name = Debug;
		};
		D8CE1D8612B74EAB002D871F /* Release */ = {
			isa = XCBuildConfiguration;
			baseConfigurationReference = D8CE1DB012B7515A002D871F /* Tests.xcconfig */;
			buildSettings = {
				FRAMEWORK_SEARCH_PATHS = (
					"$(inherited)",
					"\"$(SRCROOT)/External/YAJL\"",
				);
			};
			name = Release;
		};
/* End XCBuildConfiguration section */

/* Begin XCConfigurationList section */
		1DEB921E08733DC00010E9CD /* Build configuration list for PBXNativeTarget "CreateSend" */ = {
			isa = XCConfigurationList;
			buildConfigurations = (
				1DEB921F08733DC00010E9CD /* Debug */,
				1DEB922008733DC00010E9CD /* Release */,
			);
			defaultConfigurationIsVisible = 0;
			defaultConfigurationName = Release;
		};
		1DEB922208733DC00010E9CD /* Build configuration list for PBXProject "CreateSend" */ = {
			isa = XCConfigurationList;
			buildConfigurations = (
				1DEB922308733DC00010E9CD /* Debug */,
				1DEB922408733DC00010E9CD /* Release */,
			);
			defaultConfigurationIsVisible = 0;
			defaultConfigurationName = Release;
		};
		D8CE1D8712B74EAB002D871F /* Build configuration list for PBXNativeTarget "CreateSendTests" */ = {
			isa = XCConfigurationList;
			buildConfigurations = (
				D8CE1D8512B74EAB002D871F /* Debug */,
				D8CE1D8612B74EAB002D871F /* Release */,
			);
			defaultConfigurationIsVisible = 0;
			defaultConfigurationName = Release;
		};
/* End XCConfigurationList section */
	};
	rootObject = 0867D690FE84028FC02AAC07 /* Project object */;
}
