// !$*UTF8*$!
{
	archiveVersion = 1;
	classes = {
	};
	objectVersion = 46;
	objects = {

/* Begin PBXBuildFile section */
		AA747D9F0F9514B9006C5449 /* CreateSend_Prefix.pch in Headers */ = {isa = PBXBuildFile; fileRef = AA747D9E0F9514B9006C5449 /* CreateSend_Prefix.pch */; };
		D837C06C1373DAE900DE99EE /* CSListTests.m in Sources */ = {isa = PBXBuildFile; fileRef = D8896AF512BB2B2B007C5783 /* CSListTests.m */; };
		D857120D13E2D35800725300 /* CSPaginatedResult.h in Headers */ = {isa = PBXBuildFile; fileRef = D857120B13E2D35800725300 /* CSPaginatedResult.h */; };
		D857120E13E2D35800725300 /* CSPaginatedResult.m in Sources */ = {isa = PBXBuildFile; fileRef = D857120C13E2D35800725300 /* CSPaginatedResult.m */; };
		D857120F13E2D35800725300 /* CSPaginatedResult.m in Sources */ = {isa = PBXBuildFile; fileRef = D857120C13E2D35800725300 /* CSPaginatedResult.m */; };
		D881F3EB12F296470027CFA7 /* CSDebuggingMacros.h in Headers */ = {isa = PBXBuildFile; fileRef = D881F3EA12F296470027CFA7 /* CSDebuggingMacros.h */; };
		D889681512B9D65E007C5783 /* CSAPIRequest.m in Sources */ = {isa = PBXBuildFile; fileRef = D889681412B9D65E007C5783 /* CSAPIRequest.m */; };
		D889681612B9D65E007C5783 /* CSAPIRequest.h in Headers */ = {isa = PBXBuildFile; fileRef = D889681312B9D65E007C5783 /* CSAPIRequest.h */; };
		D889681712B9D65E007C5783 /* CSAPIRequest.m in Sources */ = {isa = PBXBuildFile; fileRef = D889681412B9D65E007C5783 /* CSAPIRequest.m */; };
		D889687C12B9E638007C5783 /* CSAccountTests.m in Sources */ = {isa = PBXBuildFile; fileRef = D889687B12B9E638007C5783 /* CSAccountTests.m */; };
		D88968E012B9F08F007C5783 /* NSString+URLEncoding.m in Sources */ = {isa = PBXBuildFile; fileRef = D88968DF12B9F08F007C5783 /* NSString+URLEncoding.m */; };
		D88968E112B9F08F007C5783 /* NSString+URLEncoding.h in Headers */ = {isa = PBXBuildFile; fileRef = D88968DE12B9F08F007C5783 /* NSString+URLEncoding.h */; };
		D88968E212B9F08F007C5783 /* NSString+URLEncoding.m in Sources */ = {isa = PBXBuildFile; fileRef = D88968DF12B9F08F007C5783 /* NSString+URLEncoding.m */; };
		D88969DD12BAE9C9007C5783 /* CSClient.m in Sources */ = {isa = PBXBuildFile; fileRef = D88969DC12BAE9C9007C5783 /* CSClient.m */; };
		D88969DE12BAE9C9007C5783 /* CSClient.h in Headers */ = {isa = PBXBuildFile; fileRef = D88969DB12BAE9C9007C5783 /* CSClient.h */; };
		D88969DF12BAE9C9007C5783 /* CSClient.m in Sources */ = {isa = PBXBuildFile; fileRef = D88969DC12BAE9C9007C5783 /* CSClient.m */; };
		D8896AA912BB1E25007C5783 /* CSCampaignTests.m in Sources */ = {isa = PBXBuildFile; fileRef = D8896AA812BB1E25007C5783 /* CSCampaignTests.m */; };
		D8896B5212BB3465007C5783 /* NSString+UUIDAdditions.m in Sources */ = {isa = PBXBuildFile; fileRef = D8896B5112BB3465007C5783 /* NSString+UUIDAdditions.m */; };
		D8896B5312BB3465007C5783 /* NSString+UUIDAdditions.h in Headers */ = {isa = PBXBuildFile; fileRef = D8896B5012BB3465007C5783 /* NSString+UUIDAdditions.h */; };
		D8896B5412BB3465007C5783 /* NSString+UUIDAdditions.m in Sources */ = {isa = PBXBuildFile; fileRef = D8896B5112BB3465007C5783 /* NSString+UUIDAdditions.m */; };
		D8896CC412BB5597007C5783 /* CSList.m in Sources */ = {isa = PBXBuildFile; fileRef = D8896CC312BB5597007C5783 /* CSList.m */; };
		D8896CC512BB5597007C5783 /* CSList.h in Headers */ = {isa = PBXBuildFile; fileRef = D8896CC212BB5597007C5783 /* CSList.h */; };
		D8896CC612BB5597007C5783 /* CSList.m in Sources */ = {isa = PBXBuildFile; fileRef = D8896CC312BB5597007C5783 /* CSList.m */; };
		D8896D6612BF2EB4007C5783 /* CSCustomField.m in Sources */ = {isa = PBXBuildFile; fileRef = D8896D6512BF2EB4007C5783 /* CSCustomField.m */; };
		D8896D6712BF2EB4007C5783 /* CSCustomField.h in Headers */ = {isa = PBXBuildFile; fileRef = D8896D6412BF2EB4007C5783 /* CSCustomField.h */; };
		D8896D6812BF2EB4007C5783 /* CSCustomField.m in Sources */ = {isa = PBXBuildFile; fileRef = D8896D6512BF2EB4007C5783 /* CSCustomField.m */; };
		D8896DA012C187F2007C5783 /* CSSubscriber.m in Sources */ = {isa = PBXBuildFile; fileRef = D8896D9F12C187F2007C5783 /* CSSubscriber.m */; };
		D8896DA112C187F2007C5783 /* CSSubscriber.h in Headers */ = {isa = PBXBuildFile; fileRef = D8896D9E12C187F2007C5783 /* CSSubscriber.h */; };
		D8896DA212C187F2007C5783 /* CSSubscriber.m in Sources */ = {isa = PBXBuildFile; fileRef = D8896D9F12C187F2007C5783 /* CSSubscriber.m */; };
		D891346913E27CBB0080D1E2 /* CSAPI.h in Headers */ = {isa = PBXBuildFile; fileRef = D891346713E27CBB0080D1E2 /* CSAPI.h */; };
		D891346A13E27CBB0080D1E2 /* CSAPI.m in Sources */ = {isa = PBXBuildFile; fileRef = D891346813E27CBB0080D1E2 /* CSAPI.m */; };
		D891346B13E27CBB0080D1E2 /* CSAPI.m in Sources */ = {isa = PBXBuildFile; fileRef = D891346813E27CBB0080D1E2 /* CSAPI.m */; };
		D891347313E292630080D1E2 /* CSAPI+Accounts.h in Headers */ = {isa = PBXBuildFile; fileRef = D891347113E292620080D1E2 /* CSAPI+Accounts.h */; };
		D891347413E292630080D1E2 /* CSAPI+Accounts.m in Sources */ = {isa = PBXBuildFile; fileRef = D891347213E292620080D1E2 /* CSAPI+Accounts.m */; };
		D891347513E292630080D1E2 /* CSAPI+Accounts.m in Sources */ = {isa = PBXBuildFile; fileRef = D891347213E292620080D1E2 /* CSAPI+Accounts.m */; };
		D891347A13E293970080D1E2 /* CSTestCase.m in Sources */ = {isa = PBXBuildFile; fileRef = D891347713E293970080D1E2 /* CSTestCase.m */; };
		D891347E13E29ACC0080D1E2 /* CSAPI+Campaigns.h in Headers */ = {isa = PBXBuildFile; fileRef = D891347C13E29ACB0080D1E2 /* CSAPI+Campaigns.h */; };
		D891347F13E29ACC0080D1E2 /* CSAPI+Campaigns.m in Sources */ = {isa = PBXBuildFile; fileRef = D891347D13E29ACB0080D1E2 /* CSAPI+Campaigns.m */; };
		D891348013E29ACC0080D1E2 /* CSAPI+Campaigns.m in Sources */ = {isa = PBXBuildFile; fileRef = D891347D13E29ACB0080D1E2 /* CSAPI+Campaigns.m */; };
		D891348313E29EC30080D1E2 /* CSAPI+Lists.h in Headers */ = {isa = PBXBuildFile; fileRef = D891348113E29EC30080D1E2 /* CSAPI+Lists.h */; };
		D891348413E29EC30080D1E2 /* CSAPI+Lists.m in Sources */ = {isa = PBXBuildFile; fileRef = D891348213E29EC30080D1E2 /* CSAPI+Lists.m */; };
		D891348513E29EC30080D1E2 /* CSAPI+Lists.m in Sources */ = {isa = PBXBuildFile; fileRef = D891348213E29EC30080D1E2 /* CSAPI+Lists.m */; };
		D891348813E2A84A0080D1E2 /* CSAPI+Subscribers.h in Headers */ = {isa = PBXBuildFile; fileRef = D891348613E2A84A0080D1E2 /* CSAPI+Subscribers.h */; };
		D891348913E2A84A0080D1E2 /* CSAPI+Subscribers.m in Sources */ = {isa = PBXBuildFile; fileRef = D891348713E2A84A0080D1E2 /* CSAPI+Subscribers.m */; };
		D891348A13E2A84A0080D1E2 /* CSAPI+Subscribers.m in Sources */ = {isa = PBXBuildFile; fileRef = D891348713E2A84A0080D1E2 /* CSAPI+Subscribers.m */; };
		D8CE1D8E12B74ED0002D871F /* GHUnitIOSTestMain.m in Sources */ = {isa = PBXBuildFile; fileRef = D8CE1D8C12B74ED0002D871F /* GHUnitIOSTestMain.m */; };
		D8CE1E0912B7546D002D871F /* ASIAuthenticationDialog.m in Sources */ = {isa = PBXBuildFile; fileRef = D8CE1DF612B7546D002D871F /* ASIAuthenticationDialog.m */; };
		D8CE1E0A12B7546D002D871F /* ASIDataCompressor.m in Sources */ = {isa = PBXBuildFile; fileRef = D8CE1DF912B7546D002D871F /* ASIDataCompressor.m */; };
		D8CE1E0B12B7546D002D871F /* ASIDataDecompressor.m in Sources */ = {isa = PBXBuildFile; fileRef = D8CE1DFB12B7546D002D871F /* ASIDataDecompressor.m */; };
		D8CE1E0C12B7546D002D871F /* ASIDownloadCache.m in Sources */ = {isa = PBXBuildFile; fileRef = D8CE1DFD12B7546D002D871F /* ASIDownloadCache.m */; };
		D8CE1E0D12B7546D002D871F /* ASIFormDataRequest.m in Sources */ = {isa = PBXBuildFile; fileRef = D8CE1DFF12B7546D002D871F /* ASIFormDataRequest.m */; };
		D8CE1E0E12B7546D002D871F /* ASIHTTPRequest.m in Sources */ = {isa = PBXBuildFile; fileRef = D8CE1E0112B7546D002D871F /* ASIHTTPRequest.m */; };
		D8CE1E0F12B7546D002D871F /* ASIInputStream.m in Sources */ = {isa = PBXBuildFile; fileRef = D8CE1E0512B7546D002D871F /* ASIInputStream.m */; };
		D8CE1E1012B7546D002D871F /* ASINetworkQueue.m in Sources */ = {isa = PBXBuildFile; fileRef = D8CE1E0712B7546D002D871F /* ASINetworkQueue.m */; };
		D8CE1E1A12B754A0002D871F /* Reachability.m in Sources */ = {isa = PBXBuildFile; fileRef = D8CE1E1912B754A0002D871F /* Reachability.m */; };
/* End PBXBuildFile section */

/* Begin PBXFileReference section */
		AA747D9E0F9514B9006C5449 /* CreateSend_Prefix.pch */ = {isa = PBXFileReference; fileEncoding = 4; lastKnownFileType = sourcecode.c.h; path = CreateSend_Prefix.pch; sourceTree = SOURCE_ROOT; };
		D2AAC07E0554694100DB518D /* libCreateSend.a */ = {isa = PBXFileReference; explicitFileType = archive.ar; includeInIndex = 0; path = libCreateSend.a; sourceTree = BUILT_PRODUCTS_DIR; };
		D857120B13E2D35800725300 /* CSPaginatedResult.h */ = {isa = PBXFileReference; fileEncoding = 4; lastKnownFileType = sourcecode.c.h; path = CSPaginatedResult.h; sourceTree = "<group>"; };
		D857120C13E2D35800725300 /* CSPaginatedResult.m */ = {isa = PBXFileReference; fileEncoding = 4; lastKnownFileType = sourcecode.c.objc; path = CSPaginatedResult.m; sourceTree = "<group>"; };
		D881F3EA12F296470027CFA7 /* CSDebuggingMacros.h */ = {isa = PBXFileReference; fileEncoding = 4; lastKnownFileType = sourcecode.c.h; name = CSDebuggingMacros.h; path = Classes/CSDebuggingMacros.h; sourceTree = "<group>"; };
		D889681312B9D65E007C5783 /* CSAPIRequest.h */ = {isa = PBXFileReference; fileEncoding = 4; lastKnownFileType = sourcecode.c.h; path = CSAPIRequest.h; sourceTree = "<group>"; };
		D889681412B9D65E007C5783 /* CSAPIRequest.m */ = {isa = PBXFileReference; fileEncoding = 4; indentWidth = 2; lastKnownFileType = sourcecode.c.objc; path = CSAPIRequest.m; sourceTree = "<group>"; tabWidth = 2; };
		D889687B12B9E638007C5783 /* CSAccountTests.m */ = {isa = PBXFileReference; fileEncoding = 4; lastKnownFileType = sourcecode.c.objc; path = CSAccountTests.m; sourceTree = "<group>"; };
		D88968DE12B9F08F007C5783 /* NSString+URLEncoding.h */ = {isa = PBXFileReference; fileEncoding = 4; lastKnownFileType = sourcecode.c.h; path = "NSString+URLEncoding.h"; sourceTree = "<group>"; };
		D88968DF12B9F08F007C5783 /* NSString+URLEncoding.m */ = {isa = PBXFileReference; fileEncoding = 4; lastKnownFileType = sourcecode.c.objc; path = "NSString+URLEncoding.m"; sourceTree = "<group>"; };
		D88969DB12BAE9C9007C5783 /* CSClient.h */ = {isa = PBXFileReference; fileEncoding = 4; lastKnownFileType = sourcecode.c.h; path = CSClient.h; sourceTree = "<group>"; };
		D88969DC12BAE9C9007C5783 /* CSClient.m */ = {isa = PBXFileReference; fileEncoding = 4; lastKnownFileType = sourcecode.c.objc; path = CSClient.m; sourceTree = "<group>"; };
		D8896AA812BB1E25007C5783 /* CSCampaignTests.m */ = {isa = PBXFileReference; fileEncoding = 4; lastKnownFileType = sourcecode.c.objc; path = CSCampaignTests.m; sourceTree = "<group>"; };
		D8896AF512BB2B2B007C5783 /* CSListTests.m */ = {isa = PBXFileReference; fileEncoding = 4; lastKnownFileType = sourcecode.c.objc; path = CSListTests.m; sourceTree = "<group>"; };
		D8896B5012BB3465007C5783 /* NSString+UUIDAdditions.h */ = {isa = PBXFileReference; fileEncoding = 4; lastKnownFileType = sourcecode.c.h; path = "NSString+UUIDAdditions.h"; sourceTree = "<group>"; };
		D8896B5112BB3465007C5783 /* NSString+UUIDAdditions.m */ = {isa = PBXFileReference; fileEncoding = 4; lastKnownFileType = sourcecode.c.objc; path = "NSString+UUIDAdditions.m"; sourceTree = "<group>"; };
		D8896CC212BB5597007C5783 /* CSList.h */ = {isa = PBXFileReference; fileEncoding = 4; lastKnownFileType = sourcecode.c.h; path = CSList.h; sourceTree = "<group>"; };
		D8896CC312BB5597007C5783 /* CSList.m */ = {isa = PBXFileReference; fileEncoding = 4; lastKnownFileType = sourcecode.c.objc; path = CSList.m; sourceTree = "<group>"; };
		D8896D6412BF2EB4007C5783 /* CSCustomField.h */ = {isa = PBXFileReference; fileEncoding = 4; lastKnownFileType = sourcecode.c.h; path = CSCustomField.h; sourceTree = "<group>"; };
		D8896D6512BF2EB4007C5783 /* CSCustomField.m */ = {isa = PBXFileReference; fileEncoding = 4; lastKnownFileType = sourcecode.c.objc; path = CSCustomField.m; sourceTree = "<group>"; };
		D8896D9E12C187F2007C5783 /* CSSubscriber.h */ = {isa = PBXFileReference; fileEncoding = 4; lastKnownFileType = sourcecode.c.h; path = CSSubscriber.h; sourceTree = "<group>"; };
		D8896D9F12C187F2007C5783 /* CSSubscriber.m */ = {isa = PBXFileReference; fileEncoding = 4; lastKnownFileType = sourcecode.c.objc; path = CSSubscriber.m; sourceTree = "<group>"; };
		D891346113E274570080D1E2 /* GHUnitIOS.framework */ = {isa = PBXFileReference; lastKnownFileType = wrapper.framework; name = GHUnitIOS.framework; path = External/GHUnit/GHUnitIOS.framework; sourceTree = "<group>"; };
		D891346413E278D60080D1E2 /* YAJLiOS.framework */ = {isa = PBXFileReference; lastKnownFileType = wrapper.framework; name = YAJLiOS.framework; path = External/YAJL/YAJLiOS.framework; sourceTree = "<group>"; };
		D891346713E27CBB0080D1E2 /* CSAPI.h */ = {isa = PBXFileReference; fileEncoding = 4; lastKnownFileType = sourcecode.c.h; path = CSAPI.h; sourceTree = "<group>"; };
		D891346813E27CBB0080D1E2 /* CSAPI.m */ = {isa = PBXFileReference; fileEncoding = 4; lastKnownFileType = sourcecode.c.objc; path = CSAPI.m; sourceTree = "<group>"; };
		D891347113E292620080D1E2 /* CSAPI+Accounts.h */ = {isa = PBXFileReference; fileEncoding = 4; lastKnownFileType = sourcecode.c.h; path = "CSAPI+Accounts.h"; sourceTree = "<group>"; };
		D891347213E292620080D1E2 /* CSAPI+Accounts.m */ = {isa = PBXFileReference; fileEncoding = 4; lastKnownFileType = sourcecode.c.objc; path = "CSAPI+Accounts.m"; sourceTree = "<group>"; };
		D891347613E293970080D1E2 /* CSTestCase.h */ = {isa = PBXFileReference; fileEncoding = 4; lastKnownFileType = sourcecode.c.h; path = CSTestCase.h; sourceTree = "<group>"; };
		D891347713E293970080D1E2 /* CSTestCase.m */ = {isa = PBXFileReference; fileEncoding = 4; lastKnownFileType = sourcecode.c.objc; path = CSTestCase.m; sourceTree = "<group>"; };
		D891347C13E29ACB0080D1E2 /* CSAPI+Campaigns.h */ = {isa = PBXFileReference; fileEncoding = 4; lastKnownFileType = sourcecode.c.h; path = "CSAPI+Campaigns.h"; sourceTree = "<group>"; };
		D891347D13E29ACB0080D1E2 /* CSAPI+Campaigns.m */ = {isa = PBXFileReference; fileEncoding = 4; lastKnownFileType = sourcecode.c.objc; path = "CSAPI+Campaigns.m"; sourceTree = "<group>"; };
		D891348113E29EC30080D1E2 /* CSAPI+Lists.h */ = {isa = PBXFileReference; fileEncoding = 4; lastKnownFileType = sourcecode.c.h; path = "CSAPI+Lists.h"; sourceTree = "<group>"; };
		D891348213E29EC30080D1E2 /* CSAPI+Lists.m */ = {isa = PBXFileReference; fileEncoding = 4; lastKnownFileType = sourcecode.c.objc; path = "CSAPI+Lists.m"; sourceTree = "<group>"; };
		D891348613E2A84A0080D1E2 /* CSAPI+Subscribers.h */ = {isa = PBXFileReference; fileEncoding = 4; lastKnownFileType = sourcecode.c.h; path = "CSAPI+Subscribers.h"; sourceTree = "<group>"; };
		D891348713E2A84A0080D1E2 /* CSAPI+Subscribers.m */ = {isa = PBXFileReference; fileEncoding = 4; lastKnownFileType = sourcecode.c.objc; path = "CSAPI+Subscribers.m"; sourceTree = "<group>"; };
		D8CE1D0612B73F19002D871F /* Shared.xcconfig */ = {isa = PBXFileReference; fileEncoding = 4; lastKnownFileType = text.xcconfig; path = Shared.xcconfig; sourceTree = "<group>"; };
		D8CE1D0712B73F28002D871F /* Debug.xcconfig */ = {isa = PBXFileReference; fileEncoding = 4; lastKnownFileType = text.xcconfig; path = Debug.xcconfig; sourceTree = "<group>"; };
		D8CE1D0812B73F2F002D871F /* Release.xcconfig */ = {isa = PBXFileReference; fileEncoding = 4; lastKnownFileType = text.xcconfig; path = Release.xcconfig; sourceTree = "<group>"; };
		D8CE1D8212B74EAB002D871F /* CreateSendTests.app */ = {isa = PBXFileReference; explicitFileType = wrapper.application; includeInIndex = 0; path = CreateSendTests.app; sourceTree = BUILT_PRODUCTS_DIR; };
		D8CE1D8412B74EAB002D871F /* CreateSendTests-Info.plist */ = {isa = PBXFileReference; lastKnownFileType = text.plist.xml; name = "CreateSendTests-Info.plist"; path = "../CreateSendTests-Info.plist"; sourceTree = "<group>"; };
		D8CE1D8C12B74ED0002D871F /* GHUnitIOSTestMain.m */ = {isa = PBXFileReference; fileEncoding = 4; lastKnownFileType = sourcecode.c.objc; name = GHUnitIOSTestMain.m; path = External/GHUnit/GHUnitIOSTestMain.m; sourceTree = "<group>"; };
		D8CE1DB012B7515A002D871F /* Tests.xcconfig */ = {isa = PBXFileReference; fileEncoding = 4; lastKnownFileType = text.xcconfig; path = Tests.xcconfig; sourceTree = "<group>"; };
		D8CE1DC712B75291002D871F /* CreateSendTests_Prefix.pch */ = {isa = PBXFileReference; fileEncoding = 4; lastKnownFileType = sourcecode.c.h; name = CreateSendTests_Prefix.pch; path = ../CreateSendTests_Prefix.pch; sourceTree = "<group>"; };
		D8CE1DF512B7546D002D871F /* ASIAuthenticationDialog.h */ = {isa = PBXFileReference; fileEncoding = 4; lastKnownFileType = sourcecode.c.h; name = ASIAuthenticationDialog.h; path = External/ASIHTTPRequest/Classes/ASIAuthenticationDialog.h; sourceTree = "<group>"; };
		D8CE1DF612B7546D002D871F /* ASIAuthenticationDialog.m */ = {isa = PBXFileReference; fileEncoding = 4; lastKnownFileType = sourcecode.c.objc; name = ASIAuthenticationDialog.m; path = External/ASIHTTPRequest/Classes/ASIAuthenticationDialog.m; sourceTree = "<group>"; };
		D8CE1DF712B7546D002D871F /* ASICacheDelegate.h */ = {isa = PBXFileReference; fileEncoding = 4; lastKnownFileType = sourcecode.c.h; name = ASICacheDelegate.h; path = External/ASIHTTPRequest/Classes/ASICacheDelegate.h; sourceTree = "<group>"; };
		D8CE1DF812B7546D002D871F /* ASIDataCompressor.h */ = {isa = PBXFileReference; fileEncoding = 4; lastKnownFileType = sourcecode.c.h; name = ASIDataCompressor.h; path = External/ASIHTTPRequest/Classes/ASIDataCompressor.h; sourceTree = "<group>"; };
		D8CE1DF912B7546D002D871F /* ASIDataCompressor.m */ = {isa = PBXFileReference; fileEncoding = 4; lastKnownFileType = sourcecode.c.objc; name = ASIDataCompressor.m; path = External/ASIHTTPRequest/Classes/ASIDataCompressor.m; sourceTree = "<group>"; };
		D8CE1DFA12B7546D002D871F /* ASIDataDecompressor.h */ = {isa = PBXFileReference; fileEncoding = 4; lastKnownFileType = sourcecode.c.h; name = ASIDataDecompressor.h; path = External/ASIHTTPRequest/Classes/ASIDataDecompressor.h; sourceTree = "<group>"; };
		D8CE1DFB12B7546D002D871F /* ASIDataDecompressor.m */ = {isa = PBXFileReference; fileEncoding = 4; lastKnownFileType = sourcecode.c.objc; name = ASIDataDecompressor.m; path = External/ASIHTTPRequest/Classes/ASIDataDecompressor.m; sourceTree = "<group>"; };
		D8CE1DFC12B7546D002D871F /* ASIDownloadCache.h */ = {isa = PBXFileReference; fileEncoding = 4; lastKnownFileType = sourcecode.c.h; name = ASIDownloadCache.h; path = External/ASIHTTPRequest/Classes/ASIDownloadCache.h; sourceTree = "<group>"; };
		D8CE1DFD12B7546D002D871F /* ASIDownloadCache.m */ = {isa = PBXFileReference; fileEncoding = 4; lastKnownFileType = sourcecode.c.objc; name = ASIDownloadCache.m; path = External/ASIHTTPRequest/Classes/ASIDownloadCache.m; sourceTree = "<group>"; };
		D8CE1DFE12B7546D002D871F /* ASIFormDataRequest.h */ = {isa = PBXFileReference; fileEncoding = 4; lastKnownFileType = sourcecode.c.h; name = ASIFormDataRequest.h; path = External/ASIHTTPRequest/Classes/ASIFormDataRequest.h; sourceTree = "<group>"; };
		D8CE1DFF12B7546D002D871F /* ASIFormDataRequest.m */ = {isa = PBXFileReference; fileEncoding = 4; lastKnownFileType = sourcecode.c.objc; name = ASIFormDataRequest.m; path = External/ASIHTTPRequest/Classes/ASIFormDataRequest.m; sourceTree = "<group>"; };
		D8CE1E0012B7546D002D871F /* ASIHTTPRequest.h */ = {isa = PBXFileReference; fileEncoding = 4; lastKnownFileType = sourcecode.c.h; name = ASIHTTPRequest.h; path = External/ASIHTTPRequest/Classes/ASIHTTPRequest.h; sourceTree = "<group>"; };
		D8CE1E0112B7546D002D871F /* ASIHTTPRequest.m */ = {isa = PBXFileReference; fileEncoding = 4; lastKnownFileType = sourcecode.c.objc; name = ASIHTTPRequest.m; path = External/ASIHTTPRequest/Classes/ASIHTTPRequest.m; sourceTree = "<group>"; };
		D8CE1E0212B7546D002D871F /* ASIHTTPRequestConfig.h */ = {isa = PBXFileReference; fileEncoding = 4; lastKnownFileType = sourcecode.c.h; name = ASIHTTPRequestConfig.h; path = External/ASIHTTPRequest/Classes/ASIHTTPRequestConfig.h; sourceTree = "<group>"; };
		D8CE1E0312B7546D002D871F /* ASIHTTPRequestDelegate.h */ = {isa = PBXFileReference; fileEncoding = 4; lastKnownFileType = sourcecode.c.h; name = ASIHTTPRequestDelegate.h; path = External/ASIHTTPRequest/Classes/ASIHTTPRequestDelegate.h; sourceTree = "<group>"; };
		D8CE1E0412B7546D002D871F /* ASIInputStream.h */ = {isa = PBXFileReference; fileEncoding = 4; lastKnownFileType = sourcecode.c.h; name = ASIInputStream.h; path = External/ASIHTTPRequest/Classes/ASIInputStream.h; sourceTree = "<group>"; };
		D8CE1E0512B7546D002D871F /* ASIInputStream.m */ = {isa = PBXFileReference; fileEncoding = 4; lastKnownFileType = sourcecode.c.objc; name = ASIInputStream.m; path = External/ASIHTTPRequest/Classes/ASIInputStream.m; sourceTree = "<group>"; };
		D8CE1E0612B7546D002D871F /* ASINetworkQueue.h */ = {isa = PBXFileReference; fileEncoding = 4; lastKnownFileType = sourcecode.c.h; name = ASINetworkQueue.h; path = External/ASIHTTPRequest/Classes/ASINetworkQueue.h; sourceTree = "<group>"; };
		D8CE1E0712B7546D002D871F /* ASINetworkQueue.m */ = {isa = PBXFileReference; fileEncoding = 4; lastKnownFileType = sourcecode.c.objc; name = ASINetworkQueue.m; path = External/ASIHTTPRequest/Classes/ASINetworkQueue.m; sourceTree = "<group>"; };
		D8CE1E0812B7546D002D871F /* ASIProgressDelegate.h */ = {isa = PBXFileReference; fileEncoding = 4; lastKnownFileType = sourcecode.c.h; name = ASIProgressDelegate.h; path = External/ASIHTTPRequest/Classes/ASIProgressDelegate.h; sourceTree = "<group>"; };
		D8CE1E1812B754A0002D871F /* Reachability.h */ = {isa = PBXFileReference; fileEncoding = 4; lastKnownFileType = sourcecode.c.h; name = Reachability.h; path = External/ASIHTTPRequest/External/Reachability/Reachability.h; sourceTree = "<group>"; };
		D8CE1E1912B754A0002D871F /* Reachability.m */ = {isa = PBXFileReference; fileEncoding = 4; lastKnownFileType = sourcecode.c.objc; name = Reachability.m; path = External/ASIHTTPRequest/External/Reachability/Reachability.m; sourceTree = "<group>"; };
/* End PBXFileReference section */

/* Begin PBXFrameworksBuildPhase section */
		D2AAC07C0554694100DB518D /* Frameworks */ = {
			isa = PBXFrameworksBuildPhase;
			buildActionMask = 2147483647;
			files = (
			);
			runOnlyForDeploymentPostprocessing = 0;
		};
		D8CE1D8012B74EAB002D871F /* Frameworks */ = {
			isa = PBXFrameworksBuildPhase;
			buildActionMask = 2147483647;
			files = (
			);
			runOnlyForDeploymentPostprocessing = 0;
		};
/* End PBXFrameworksBuildPhase section */

/* Begin PBXGroup section */
		034768DFFF38A50411DB9C8B /* Products */ = {
			isa = PBXGroup;
			children = (
				D2AAC07E0554694100DB518D /* libCreateSend.a */,
				D8CE1D8212B74EAB002D871F /* CreateSendTests.app */,
			);
			name = Products;
			sourceTree = "<group>";
		};
		0867D691FE84028FC02AAC07 /* CreateSend */ = {
			isa = PBXGroup;
			children = (
				D8CE1E3212B7570D002D871F /* Tests */,
				D8CE1D8812B74EB6002D871F /* External */,
				08FB77AEFE84172EC02AAC07 /* Classes */,
				32C88DFF0371C24200C91783 /* Other Sources */,
				034768DFFF38A50411DB9C8B /* Products */,
				D8CE1D0512B73F04002D871F /* Configuration */,
			);
			indentWidth = 2;
			name = CreateSend;
			sourceTree = "<group>";
			tabWidth = 2;
		};
		08FB77AEFE84172EC02AAC07 /* Classes */ = {
			isa = PBXGroup;
			children = (
				D88969AA12BAE173007C5783 /* API */,
				D88969AB12BAE181007C5783 /* Categories */,
				D88969DA12BAE9B2007C5783 /* Models */,
			);
			path = Classes;
			sourceTree = "<group>";
		};
		32C88DFF0371C24200C91783 /* Other Sources */ = {
			isa = PBXGroup;
			children = (
				AA747D9E0F9514B9006C5449 /* CreateSend_Prefix.pch */,
				D881F3EA12F296470027CFA7 /* CSDebuggingMacros.h */,
			);
			name = "Other Sources";
			sourceTree = "<group>";
		};
		D889683412B9E305007C5783 /* YAJL */ = {
			isa = PBXGroup;
			children = (
				D891346413E278D60080D1E2 /* YAJLiOS.framework */,
			);
			name = YAJL;
			sourceTree = "<group>";
		};
		D88969AA12BAE173007C5783 /* API */ = {
			isa = PBXGroup;
			children = (
				D889681312B9D65E007C5783 /* CSAPIRequest.h */,
				D889681412B9D65E007C5783 /* CSAPIRequest.m */,
				D891346713E27CBB0080D1E2 /* CSAPI.h */,
				D891346813E27CBB0080D1E2 /* CSAPI.m */,
				D891347113E292620080D1E2 /* CSAPI+Accounts.h */,
				D891347213E292620080D1E2 /* CSAPI+Accounts.m */,
				D891347C13E29ACB0080D1E2 /* CSAPI+Campaigns.h */,
				D891347D13E29ACB0080D1E2 /* CSAPI+Campaigns.m */,
				D891348113E29EC30080D1E2 /* CSAPI+Lists.h */,
				D891348213E29EC30080D1E2 /* CSAPI+Lists.m */,
				D891348613E2A84A0080D1E2 /* CSAPI+Subscribers.h */,
				D891348713E2A84A0080D1E2 /* CSAPI+Subscribers.m */,
			);
			name = API;
			sourceTree = "<group>";
		};
		D88969AB12BAE181007C5783 /* Categories */ = {
			isa = PBXGroup;
			children = (
				D88968DE12B9F08F007C5783 /* NSString+URLEncoding.h */,
				D88968DF12B9F08F007C5783 /* NSString+URLEncoding.m */,
				D8896B5012BB3465007C5783 /* NSString+UUIDAdditions.h */,
				D8896B5112BB3465007C5783 /* NSString+UUIDAdditions.m */,
			);
			name = Categories;
			sourceTree = "<group>";
		};
		D88969DA12BAE9B2007C5783 /* Models */ = {
			isa = PBXGroup;
			children = (
				D88969DB12BAE9C9007C5783 /* CSClient.h */,
				D88969DC12BAE9C9007C5783 /* CSClient.m */,
				D8896D6412BF2EB4007C5783 /* CSCustomField.h */,
				D8896D6512BF2EB4007C5783 /* CSCustomField.m */,
				D8896CC212BB5597007C5783 /* CSList.h */,
				D8896CC312BB5597007C5783 /* CSList.m */,
				D8896D9E12C187F2007C5783 /* CSSubscriber.h */,
				D8896D9F12C187F2007C5783 /* CSSubscriber.m */,
				D857120B13E2D35800725300 /* CSPaginatedResult.h */,
				D857120C13E2D35800725300 /* CSPaginatedResult.m */,
			);
			name = Models;
			sourceTree = "<group>";
		};
		D8CE1D0512B73F04002D871F /* Configuration */ = {
			isa = PBXGroup;
			children = (
				D8CE1D0712B73F28002D871F /* Debug.xcconfig */,
				D8CE1D0812B73F2F002D871F /* Release.xcconfig */,
				D8CE1D0612B73F19002D871F /* Shared.xcconfig */,
				D8CE1DB012B7515A002D871F /* Tests.xcconfig */,
			);
			path = Configuration;
			sourceTree = "<group>";
		};
		D8CE1D8812B74EB6002D871F /* External */ = {
			isa = PBXGroup;
			children = (
				D8CE1DF312B75454002D871F /* ASIHTTPRequest */,
				D8CE1D8912B74EBE002D871F /* GHUnit */,
				D8CE1E1612B75498002D871F /* Reachability */,
				D889683412B9E305007C5783 /* YAJL */,
			);
			name = External;
			sourceTree = "<group>";
		};
		D8CE1D8912B74EBE002D871F /* GHUnit */ = {
			isa = PBXGroup;
			children = (
				D891346113E274570080D1E2 /* GHUnitIOS.framework */,
				D8CE1D8C12B74ED0002D871F /* GHUnitIOSTestMain.m */,
			);
			name = GHUnit;
			sourceTree = "<group>";
		};
		D8CE1DF312B75454002D871F /* ASIHTTPRequest */ = {
			isa = PBXGroup;
			children = (
				D8CE1DF512B7546D002D871F /* ASIAuthenticationDialog.h */,
				D8CE1DF612B7546D002D871F /* ASIAuthenticationDialog.m */,
				D8CE1DF712B7546D002D871F /* ASICacheDelegate.h */,
				D8CE1DF812B7546D002D871F /* ASIDataCompressor.h */,
				D8CE1DF912B7546D002D871F /* ASIDataCompressor.m */,
				D8CE1DFA12B7546D002D871F /* ASIDataDecompressor.h */,
				D8CE1DFB12B7546D002D871F /* ASIDataDecompressor.m */,
				D8CE1DFC12B7546D002D871F /* ASIDownloadCache.h */,
				D8CE1DFD12B7546D002D871F /* ASIDownloadCache.m */,
				D8CE1DFE12B7546D002D871F /* ASIFormDataRequest.h */,
				D8CE1DFF12B7546D002D871F /* ASIFormDataRequest.m */,
				D8CE1E0012B7546D002D871F /* ASIHTTPRequest.h */,
				D8CE1E0112B7546D002D871F /* ASIHTTPRequest.m */,
				D8CE1E0212B7546D002D871F /* ASIHTTPRequestConfig.h */,
				D8CE1E0312B7546D002D871F /* ASIHTTPRequestDelegate.h */,
				D8CE1E0412B7546D002D871F /* ASIInputStream.h */,
				D8CE1E0512B7546D002D871F /* ASIInputStream.m */,
				D8CE1E0612B7546D002D871F /* ASINetworkQueue.h */,
				D8CE1E0712B7546D002D871F /* ASINetworkQueue.m */,
				D8CE1E0812B7546D002D871F /* ASIProgressDelegate.h */,
			);
			name = ASIHTTPRequest;
			sourceTree = "<group>";
		};
		D8CE1E1612B75498002D871F /* Reachability */ = {
			isa = PBXGroup;
			children = (
				D8CE1E1812B754A0002D871F /* Reachability.h */,
				D8CE1E1912B754A0002D871F /* Reachability.m */,
			);
			name = Reachability;
			sourceTree = "<group>";
		};
		D8CE1E3212B7570D002D871F /* Tests */ = {
			isa = PBXGroup;
			children = (
				D8CE1D8412B74EAB002D871F /* CreateSendTests-Info.plist */,
				D8CE1DC712B75291002D871F /* CreateSendTests_Prefix.pch */,
				D891347613E293970080D1E2 /* CSTestCase.h */,
				D891347713E293970080D1E2 /* CSTestCase.m */,
				D889687B12B9E638007C5783 /* CSAccountTests.m */,
				D8896AA812BB1E25007C5783 /* CSCampaignTests.m */,
				D8896AF512BB2B2B007C5783 /* CSListTests.m */,
			);
			path = Tests;
			sourceTree = "<group>";
		};
/* End PBXGroup section */

/* Begin PBXHeadersBuildPhase section */
		D2AAC07A0554694100DB518D /* Headers */ = {
			isa = PBXHeadersBuildPhase;
			buildActionMask = 2147483647;
			files = (
				AA747D9F0F9514B9006C5449 /* CreateSend_Prefix.pch in Headers */,
				D889681612B9D65E007C5783 /* CSAPIRequest.h in Headers */,
				D88968E112B9F08F007C5783 /* NSString+URLEncoding.h in Headers */,
				D88969DE12BAE9C9007C5783 /* CSClient.h in Headers */,
				D8896B5312BB3465007C5783 /* NSString+UUIDAdditions.h in Headers */,
				D8896CC512BB5597007C5783 /* CSList.h in Headers */,
				D8896D6712BF2EB4007C5783 /* CSCustomField.h in Headers */,
				D8896DA112C187F2007C5783 /* CSSubscriber.h in Headers */,
				D881F3EB12F296470027CFA7 /* CSDebuggingMacros.h in Headers */,
				D891346913E27CBB0080D1E2 /* CSAPI.h in Headers */,
				D891347313E292630080D1E2 /* CSAPI+Accounts.h in Headers */,
				D891347E13E29ACC0080D1E2 /* CSAPI+Campaigns.h in Headers */,
				D891348313E29EC30080D1E2 /* CSAPI+Lists.h in Headers */,
				D891348813E2A84A0080D1E2 /* CSAPI+Subscribers.h in Headers */,
				D857120D13E2D35800725300 /* CSPaginatedResult.h in Headers */,
			);
			runOnlyForDeploymentPostprocessing = 0;
		};
/* End PBXHeadersBuildPhase section */

/* Begin PBXNativeTarget section */
		D2AAC07D0554694100DB518D /* CreateSend */ = {
			isa = PBXNativeTarget;
			buildConfigurationList = 1DEB921E08733DC00010E9CD /* Build configuration list for PBXNativeTarget "CreateSend" */;
			buildPhases = (
				D2AAC07A0554694100DB518D /* Headers */,
				D2AAC07B0554694100DB518D /* Sources */,
				D2AAC07C0554694100DB518D /* Frameworks */,
			);
			buildRules = (
			);
			dependencies = (
			);
			name = CreateSend;
			productName = CreateSend;
			productReference = D2AAC07E0554694100DB518D /* libCreateSend.a */;
			productType = "com.apple.product-type.library.static";
		};
		D8CE1D8112B74EAB002D871F /* CreateSendTests */ = {
			isa = PBXNativeTarget;
			buildConfigurationList = D8CE1D8712B74EAB002D871F /* Build configuration list for PBXNativeTarget "CreateSendTests" */;
			buildPhases = (
				D8CE1D7E12B74EAB002D871F /* Resources */,
				D8CE1D7F12B74EAB002D871F /* Sources */,
				D8CE1D8012B74EAB002D871F /* Frameworks */,
				D8CE1DA612B74FE8002D871F /* ShellScript */,
			);
			buildRules = (
			);
			dependencies = (
			);
			name = CreateSendTests;
			productName = CreateSendTests;
			productReference = D8CE1D8212B74EAB002D871F /* CreateSendTests.app */;
			productType = "com.apple.product-type.application";
		};
/* End PBXNativeTarget section */

/* Begin PBXProject section */
		0867D690FE84028FC02AAC07 /* Project object */ = {
			isa = PBXProject;
			attributes = {
				LastUpgradeCheck = 0410;
				ORGANIZATIONNAME = "Nathan de Vries";
			};
			buildConfigurationList = 1DEB922208733DC00010E9CD /* Build configuration list for PBXProject "CreateSend" */;
			compatibilityVersion = "Xcode 3.2";
			developmentRegion = English;
			hasScannedForEncodings = 1;
			knownRegions = (
				English,
				Japanese,
				French,
				German,
			);
			mainGroup = 0867D691FE84028FC02AAC07 /* CreateSend */;
			productRefGroup = 034768DFFF38A50411DB9C8B /* Products */;
			projectDirPath = "";
			projectRoot = "";
			targets = (
				D2AAC07D0554694100DB518D /* CreateSend */,
				D8CE1D8112B74EAB002D871F /* CreateSendTests */,
			);
		};
/* End PBXProject section */

/* Begin PBXResourcesBuildPhase section */
		D8CE1D7E12B74EAB002D871F /* Resources */ = {
			isa = PBXResourcesBuildPhase;
			buildActionMask = 2147483647;
			files = (
			);
			runOnlyForDeploymentPostprocessing = 0;
		};
/* End PBXResourcesBuildPhase section */

/* Begin PBXShellScriptBuildPhase section */
		D8CE1DA612B74FE8002D871F /* ShellScript */ = {
			isa = PBXShellScriptBuildPhase;
			buildActionMask = 2147483647;
			files = (
			);
			inputPaths = (
			);
			outputPaths = (
			);
			runOnlyForDeploymentPostprocessing = 0;
			shellPath = /bin/sh;
			shellScript = "sh External/GHUnit/RunTests.sh";
			showEnvVarsInLog = 0;
		};
/* End PBXShellScriptBuildPhase section */

/* Begin PBXSourcesBuildPhase section */
		D2AAC07B0554694100DB518D /* Sources */ = {
			isa = PBXSourcesBuildPhase;
			buildActionMask = 2147483647;
			files = (
				D889681712B9D65E007C5783 /* CSAPIRequest.m in Sources */,
				D88968E212B9F08F007C5783 /* NSString+URLEncoding.m in Sources */,
				D88969DF12BAE9C9007C5783 /* CSClient.m in Sources */,
				D8896B5412BB3465007C5783 /* NSString+UUIDAdditions.m in Sources */,
				D8896CC612BB5597007C5783 /* CSList.m in Sources */,
				D8896D6812BF2EB4007C5783 /* CSCustomField.m in Sources */,
				D8896DA212C187F2007C5783 /* CSSubscriber.m in Sources */,
				D891346A13E27CBB0080D1E2 /* CSAPI.m in Sources */,
				D891347413E292630080D1E2 /* CSAPI+Accounts.m in Sources */,
				D891347F13E29ACC0080D1E2 /* CSAPI+Campaigns.m in Sources */,
				D891348413E29EC30080D1E2 /* CSAPI+Lists.m in Sources */,
				D891348913E2A84A0080D1E2 /* CSAPI+Subscribers.m in Sources */,
				D857120E13E2D35800725300 /* CSPaginatedResult.m in Sources */,
			);
			runOnlyForDeploymentPostprocessing = 0;
		};
		D8CE1D7F12B74EAB002D871F /* Sources */ = {
			isa = PBXSourcesBuildPhase;
			buildActionMask = 2147483647;
			files = (
				D8CE1D8E12B74ED0002D871F /* GHUnitIOSTestMain.m in Sources */,
				D8CE1E0912B7546D002D871F /* ASIAuthenticationDialog.m in Sources */,
				D8CE1E0A12B7546D002D871F /* ASIDataCompressor.m in Sources */,
				D8CE1E0B12B7546D002D871F /* ASIDataDecompressor.m in Sources */,
				D8CE1E0C12B7546D002D871F /* ASIDownloadCache.m in Sources */,
				D8CE1E0D12B7546D002D871F /* ASIFormDataRequest.m in Sources */,
				D8CE1E0E12B7546D002D871F /* ASIHTTPRequest.m in Sources */,
				D8CE1E0F12B7546D002D871F /* ASIInputStream.m in Sources */,
				D8CE1E1012B7546D002D871F /* ASINetworkQueue.m in Sources */,
				D8CE1E1A12B754A0002D871F /* Reachability.m in Sources */,
				D889681512B9D65E007C5783 /* CSAPIRequest.m in Sources */,
				D889687C12B9E638007C5783 /* CSAccountTests.m in Sources */,
				D88968E012B9F08F007C5783 /* NSString+URLEncoding.m in Sources */,
				D88969DD12BAE9C9007C5783 /* CSClient.m in Sources */,
				D8896AA912BB1E25007C5783 /* CSCampaignTests.m in Sources */,
				D8896B5212BB3465007C5783 /* NSString+UUIDAdditions.m in Sources */,
				D8896CC412BB5597007C5783 /* CSList.m in Sources */,
				D8896D6612BF2EB4007C5783 /* CSCustomField.m in Sources */,
				D8896DA012C187F2007C5783 /* CSSubscriber.m in Sources */,
				D837C06C1373DAE900DE99EE /* CSListTests.m in Sources */,
				D891346B13E27CBB0080D1E2 /* CSAPI.m in Sources */,
				D891347513E292630080D1E2 /* CSAPI+Accounts.m in Sources */,
				D891347A13E293970080D1E2 /* CSTestCase.m in Sources */,
				D891348013E29ACC0080D1E2 /* CSAPI+Campaigns.m in Sources */,
				D891348513E29EC30080D1E2 /* CSAPI+Lists.m in Sources */,
				D891348A13E2A84A0080D1E2 /* CSAPI+Subscribers.m in Sources */,
				D857120F13E2D35800725300 /* CSPaginatedResult.m in Sources */,
			);
			runOnlyForDeploymentPostprocessing = 0;
		};
/* End PBXSourcesBuildPhase section */

/* Begin XCBuildConfiguration section */
		1DEB921F08733DC00010E9CD /* Debug */ = {
			isa = XCBuildConfiguration;
			baseConfigurationReference = D8CE1D0712B73F28002D871F /* Debug.xcconfig */;
			buildSettings = {
			};
			name = Debug;
		};
		1DEB922008733DC00010E9CD /* Release */ = {
			isa = XCBuildConfiguration;
			baseConfigurationReference = D8CE1D0812B73F2F002D871F /* Release.xcconfig */;
			buildSettings = {
			};
			name = Release;
		};
		1DEB922308733DC00010E9CD /* Debug */ = {
			isa = XCBuildConfiguration;
			buildSettings = {
				ARCHS = "$(ARCHS_STANDARD_32_BIT)";
				GCC_C_LANGUAGE_STANDARD = c99;
				GCC_OPTIMIZATION_LEVEL = 0;
				GCC_WARN_ABOUT_RETURN_TYPE = YES;
				GCC_WARN_UNUSED_VARIABLE = YES;
				SDKROOT = iphoneos;
			};
			name = Debug;
		};
		1DEB922408733DC00010E9CD /* Release */ = {
			isa = XCBuildConfiguration;
			buildSettings = {
				ARCHS = "$(ARCHS_STANDARD_32_BIT)";
				GCC_C_LANGUAGE_STANDARD = c99;
				GCC_WARN_ABOUT_RETURN_TYPE = YES;
				GCC_WARN_UNUSED_VARIABLE = YES;
				SDKROOT = iphoneos;
			};
			name = Release;
		};
		D8CE1D8512B74EAB002D871F /* Debug */ = {
			isa = XCBuildConfiguration;
			baseConfigurationReference = D8CE1DB012B7515A002D871F /* Tests.xcconfig */;
			buildSettings = {
			};
			name = Debug;
		};
		D8CE1D8612B74EAB002D871F /* Release */ = {
			isa = XCBuildConfiguration;
			baseConfigurationReference = D8CE1DB012B7515A002D871F /* Tests.xcconfig */;
			buildSettings = {
			};
			name = Release;
		};
/* End XCBuildConfiguration section */

/* Begin XCConfigurationList section */
		1DEB921E08733DC00010E9CD /* Build configuration list for PBXNativeTarget "CreateSend" */ = {
			isa = XCConfigurationList;
			buildConfigurations = (
				1DEB921F08733DC00010E9CD /* Debug */,
				1DEB922008733DC00010E9CD /* Release */,
			);
			defaultConfigurationIsVisible = 0;
			defaultConfigurationName = Release;
		};
		1DEB922208733DC00010E9CD /* Build configuration list for PBXProject "CreateSend" */ = {
			isa = XCConfigurationList;
			buildConfigurations = (
				1DEB922308733DC00010E9CD /* Debug */,
				1DEB922408733DC00010E9CD /* Release */,
			);
			defaultConfigurationIsVisible = 0;
			defaultConfigurationName = Release;
		};
		D8CE1D8712B74EAB002D871F /* Build configuration list for PBXNativeTarget "CreateSendTests" */ = {
			isa = XCConfigurationList;
			buildConfigurations = (
				D8CE1D8512B74EAB002D871F /* Debug */,
				D8CE1D8612B74EAB002D871F /* Release */,
			);
			defaultConfigurationIsVisible = 0;
			defaultConfigurationName = Release;
		};
/* End XCConfigurationList section */
	};
	rootObject = 0867D690FE84028FC02AAC07 /* Project object */;
}
