// !$*UTF8*$!
{
	archiveVersion = 1;
	classes = {
	};
	objectVersion = 46;
	objects = {

/* Begin PBXBuildFile section */
		D818BAEC1521998800B26451 /* libCreateSend.a in Frameworks */ = {isa = PBXBuildFile; fileRef = D84F7C9E13E66D4D00F013A6 /* libCreateSend.a */; };
		D84F7C7E13E66CA900F013A6 /* UIKit.framework in Frameworks */ = {isa = PBXBuildFile; fileRef = D84F7C7D13E66CA900F013A6 /* UIKit.framework */; };
		D84F7C8013E66CA900F013A6 /* Foundation.framework in Frameworks */ = {isa = PBXBuildFile; fileRef = D84F7C7F13E66CA900F013A6 /* Foundation.framework */; };
		D84F7C8213E66CA900F013A6 /* CoreGraphics.framework in Frameworks */ = {isa = PBXBuildFile; fileRef = D84F7C8113E66CA900F013A6 /* CoreGraphics.framework */; };
		D84F7C8813E66CA900F013A6 /* InfoPlist.strings in Resources */ = {isa = PBXBuildFile; fileRef = D84F7C8613E66CA900F013A6 /* InfoPlist.strings */; };
		D84F7C8A13E66CA900F013A6 /* main.m in Sources */ = {isa = PBXBuildFile; fileRef = D84F7C8913E66CA900F013A6 /* main.m */; };
		D84F7C8E13E66CA900F013A6 /* CreateSendExampleAppDelegate.m in Sources */ = {isa = PBXBuildFile; fileRef = D84F7C8D13E66CA900F013A6 /* CreateSendExampleAppDelegate.m */; };
		D84F7CF813E6792700F013A6 /* CFNetwork.framework in Frameworks */ = {isa = PBXBuildFile; fileRef = D84F7CF713E6792700F013A6 /* CFNetwork.framework */; };
		D84F7CFA13E6792C00F013A6 /* SystemConfiguration.framework in Frameworks */ = {isa = PBXBuildFile; fileRef = D84F7CF913E6792C00F013A6 /* SystemConfiguration.framework */; };
		D84F7CFC13E6793300F013A6 /* MobileCoreServices.framework in Frameworks */ = {isa = PBXBuildFile; fileRef = D84F7CFB13E6793200F013A6 /* MobileCoreServices.framework */; };
		D84F7CFE13E6794800F013A6 /* libz.dylib in Frameworks */ = {isa = PBXBuildFile; fileRef = D84F7CFD13E6794800F013A6 /* libz.dylib */; };
/* End PBXBuildFile section */

/* Begin PBXContainerItemProxy section */
		D818BAEA1521998400B26451 /* PBXContainerItemProxy */ = {
			isa = PBXContainerItemProxy;
			containerPortal = D84F7C9813E66D4D00F013A6 /* CreateSend.xcodeproj */;
			proxyType = 1;
			remoteGlobalIDString = D2AAC07D0554694100DB518D;
			remoteInfo = CreateSend;
		};
		D84F7C9D13E66D4D00F013A6 /* PBXContainerItemProxy */ = {
			isa = PBXContainerItemProxy;
			containerPortal = D84F7C9813E66D4D00F013A6 /* CreateSend.xcodeproj */;
			proxyType = 2;
			remoteGlobalIDString = D2AAC07E0554694100DB518D;
			remoteInfo = CreateSend;
		};
		D84F7C9F13E66D4D00F013A6 /* PBXContainerItemProxy */ = {
			isa = PBXContainerItemProxy;
			containerPortal = D84F7C9813E66D4D00F013A6 /* CreateSend.xcodeproj */;
			proxyType = 2;
			remoteGlobalIDString = D8CE1D8212B74EAB002D871F;
			remoteInfo = CreateSendTests;
		};
/* End PBXContainerItemProxy section */

/* Begin PBXFileReference section */
		D84F7C7913E66CA900F013A6 /* CreateSendExample.app */ = {isa = PBXFileReference; explicitFileType = wrapper.application; includeInIndex = 0; path = CreateSendExample.app; sourceTree = BUILT_PRODUCTS_DIR; };
		D84F7C7D13E66CA900F013A6 /* UIKit.framework */ = {isa = PBXFileReference; lastKnownFileType = wrapper.framework; name = UIKit.framework; path = System/Library/Frameworks/UIKit.framework; sourceTree = SDKROOT; };
		D84F7C7F13E66CA900F013A6 /* Foundation.framework */ = {isa = PBXFileReference; lastKnownFileType = wrapper.framework; name = Foundation.framework; path = System/Library/Frameworks/Foundation.framework; sourceTree = SDKROOT; };
		D84F7C8113E66CA900F013A6 /* CoreGraphics.framework */ = {isa = PBXFileReference; lastKnownFileType = wrapper.framework; name = CoreGraphics.framework; path = System/Library/Frameworks/CoreGraphics.framework; sourceTree = SDKROOT; };
		D84F7C8513E66CA900F013A6 /* CreateSendExample-Info.plist */ = {isa = PBXFileReference; lastKnownFileType = text.plist.xml; path = "CreateSendExample-Info.plist"; sourceTree = "<group>"; };
		D84F7C8713E66CA900F013A6 /* en */ = {isa = PBXFileReference; lastKnownFileType = text.plist.strings; name = en; path = en.lproj/InfoPlist.strings; sourceTree = "<group>"; };
		D84F7C8913E66CA900F013A6 /* main.m */ = {isa = PBXFileReference; lastKnownFileType = sourcecode.c.objc; path = main.m; sourceTree = "<group>"; };
		D84F7C8B13E66CA900F013A6 /* CreateSendExample-Prefix.pch */ = {isa = PBXFileReference; lastKnownFileType = sourcecode.c.h; path = "CreateSendExample-Prefix.pch"; sourceTree = "<group>"; };
		D84F7C8C13E66CA900F013A6 /* CreateSendExampleAppDelegate.h */ = {isa = PBXFileReference; lastKnownFileType = sourcecode.c.h; path = CreateSendExampleAppDelegate.h; sourceTree = "<group>"; };
		D84F7C8D13E66CA900F013A6 /* CreateSendExampleAppDelegate.m */ = {isa = PBXFileReference; lastKnownFileType = sourcecode.c.objc; path = CreateSendExampleAppDelegate.m; sourceTree = "<group>"; };
		D84F7C9813E66D4D00F013A6 /* CreateSend.xcodeproj */ = {isa = PBXFileReference; lastKnownFileType = "wrapper.pb-project"; name = CreateSend.xcodeproj; path = ../../../CreateSend.xcodeproj; sourceTree = "<group>"; };
		D84F7CF713E6792700F013A6 /* CFNetwork.framework */ = {isa = PBXFileReference; lastKnownFileType = wrapper.framework; name = CFNetwork.framework; path = System/Library/Frameworks/CFNetwork.framework; sourceTree = SDKROOT; };
		D84F7CF913E6792C00F013A6 /* SystemConfiguration.framework */ = {isa = PBXFileReference; lastKnownFileType = wrapper.framework; name = SystemConfiguration.framework; path = System/Library/Frameworks/SystemConfiguration.framework; sourceTree = SDKROOT; };
		D84F7CFB13E6793200F013A6 /* MobileCoreServices.framework */ = {isa = PBXFileReference; lastKnownFileType = wrapper.framework; name = MobileCoreServices.framework; path = System/Library/Frameworks/MobileCoreServices.framework; sourceTree = SDKROOT; };
		D84F7CFD13E6794800F013A6 /* libz.dylib */ = {isa = PBXFileReference; lastKnownFileType = "compiled.mach-o.dylib"; name = libz.dylib; path = usr/lib/libz.dylib; sourceTree = SDKROOT; };
/* End PBXFileReference section */

/* Begin PBXFrameworksBuildPhase section */
		D84F7C7613E66CA900F013A6 /* Frameworks */ = {
			isa = PBXFrameworksBuildPhase;
			buildActionMask = 2147483647;
			files = (
				D818BAEC1521998800B26451 /* libCreateSend.a in Frameworks */,
				D84F7CFE13E6794800F013A6 /* libz.dylib in Frameworks */,
				D84F7CFC13E6793300F013A6 /* MobileCoreServices.framework in Frameworks */,
				D84F7CFA13E6792C00F013A6 /* SystemConfiguration.framework in Frameworks */,
				D84F7CF813E6792700F013A6 /* CFNetwork.framework in Frameworks */,
				D84F7C7E13E66CA900F013A6 /* UIKit.framework in Frameworks */,
				D84F7C8013E66CA900F013A6 /* Foundation.framework in Frameworks */,
				D84F7C8213E66CA900F013A6 /* CoreGraphics.framework in Frameworks */,
			);
			runOnlyForDeploymentPostprocessing = 0;
		};
/* End PBXFrameworksBuildPhase section */

/* Begin PBXGroup section */
		D84F7C6E13E66CA900F013A6 = {
			isa = PBXGroup;
			children = (
				D84F7C8313E66CA900F013A6 /* CreateSendExample */,
				D84F7C7C13E66CA900F013A6 /* Frameworks */,
				D84F7C7A13E66CA900F013A6 /* Products */,
			);
			sourceTree = "<group>";
		};
		D84F7C7A13E66CA900F013A6 /* Products */ = {
			isa = PBXGroup;
			children = (
				D84F7C7913E66CA900F013A6 /* CreateSendExample.app */,
			);
			name = Products;
			sourceTree = "<group>";
		};
		D84F7C7C13E66CA900F013A6 /* Frameworks */ = {
			isa = PBXGroup;
			children = (
				D84F7CFD13E6794800F013A6 /* libz.dylib */,
				D84F7CFB13E6793200F013A6 /* MobileCoreServices.framework */,
				D84F7CF913E6792C00F013A6 /* SystemConfiguration.framework */,
				D84F7CF713E6792700F013A6 /* CFNetwork.framework */,
				D84F7C7D13E66CA900F013A6 /* UIKit.framework */,
				D84F7C7F13E66CA900F013A6 /* Foundation.framework */,
				D84F7C8113E66CA900F013A6 /* CoreGraphics.framework */,
			);
			name = Frameworks;
			sourceTree = "<group>";
		};
		D84F7C8313E66CA900F013A6 /* CreateSendExample */ = {
			isa = PBXGroup;
			children = (
				D84F7C8C13E66CA900F013A6 /* CreateSendExampleAppDelegate.h */,
				D84F7C8D13E66CA900F013A6 /* CreateSendExampleAppDelegate.m */,
				D84F7C8413E66CA900F013A6 /* Supporting Files */,
				D84F7C9713E66D2A00F013A6 /* Dependencies */,
			);
			path = CreateSendExample;
			sourceTree = "<group>";
		};
		D84F7C8413E66CA900F013A6 /* Supporting Files */ = {
			isa = PBXGroup;
			children = (
				D84F7C8513E66CA900F013A6 /* CreateSendExample-Info.plist */,
				D84F7C8613E66CA900F013A6 /* InfoPlist.strings */,
				D84F7C8913E66CA900F013A6 /* main.m */,
				D84F7C8B13E66CA900F013A6 /* CreateSendExample-Prefix.pch */,
			);
			name = "Supporting Files";
			sourceTree = "<group>";
		};
		D84F7C9713E66D2A00F013A6 /* Dependencies */ = {
			isa = PBXGroup;
			children = (
				D84F7C9813E66D4D00F013A6 /* CreateSend.xcodeproj */,
			);
			name = Dependencies;
			sourceTree = "<group>";
		};
		D84F7C9913E66D4D00F013A6 /* Products */ = {
			isa = PBXGroup;
			children = (
				D84F7C9E13E66D4D00F013A6 /* libCreateSend.a */,
				D84F7CA013E66D4D00F013A6 /* CreateSendTests.app */,
			);
			name = Products;
			sourceTree = "<group>";
		};
/* End PBXGroup section */

/* Begin PBXNativeTarget section */
		D84F7C7813E66CA900F013A6 /* CreateSendExample */ = {
			isa = PBXNativeTarget;
			buildConfigurationList = D84F7C9413E66CA900F013A6 /* Build configuration list for PBXNativeTarget "CreateSendExample" */;
			buildPhases = (
				D84F7C7513E66CA900F013A6 /* Sources */,
				D84F7C7613E66CA900F013A6 /* Frameworks */,
				D84F7C7713E66CA900F013A6 /* Resources */,
			);
			buildRules = (
			);
			dependencies = (
				D818BAEB1521998400B26451 /* PBXTargetDependency */,
			);
			name = CreateSendExample;
			productName = CreateSendExample;
			productReference = D84F7C7913E66CA900F013A6 /* CreateSendExample.app */;
			productType = "com.apple.product-type.application";
		};
/* End PBXNativeTarget section */

/* Begin PBXProject section */
		D84F7C7013E66CA900F013A6 /* Project object */ = {
			isa = PBXProject;
			attributes = {
				LastUpgradeCheck = 0430;
			};
			buildConfigurationList = D84F7C7313E66CA900F013A6 /* Build configuration list for PBXProject "CreateSendExample" */;
			compatibilityVersion = "Xcode 3.2";
			developmentRegion = English;
			hasScannedForEncodings = 0;
			knownRegions = (
				en,
			);
			mainGroup = D84F7C6E13E66CA900F013A6;
			productRefGroup = D84F7C7A13E66CA900F013A6 /* Products */;
			projectDirPath = "";
			projectReferences = (
				{
					ProductGroup = D84F7C9913E66D4D00F013A6 /* Products */;
					ProjectRef = D84F7C9813E66D4D00F013A6 /* CreateSend.xcodeproj */;
				},
			);
			projectRoot = "";
			targets = (
				D84F7C7813E66CA900F013A6 /* CreateSendExample */,
			);
		};
/* End PBXProject section */

/* Begin PBXReferenceProxy section */
		D84F7C9E13E66D4D00F013A6 /* libCreateSend.a */ = {
			isa = PBXReferenceProxy;
			fileType = archive.ar;
			path = libCreateSend.a;
			remoteRef = D84F7C9D13E66D4D00F013A6 /* PBXContainerItemProxy */;
			sourceTree = BUILT_PRODUCTS_DIR;
		};
		D84F7CA013E66D4D00F013A6 /* CreateSendTests.app */ = {
			isa = PBXReferenceProxy;
			fileType = wrapper.application;
			path = CreateSendTests.app;
			remoteRef = D84F7C9F13E66D4D00F013A6 /* PBXContainerItemProxy */;
			sourceTree = BUILT_PRODUCTS_DIR;
		};
/* End PBXReferenceProxy section */

/* Begin PBXResourcesBuildPhase section */
		D84F7C7713E66CA900F013A6 /* Resources */ = {
			isa = PBXResourcesBuildPhase;
			buildActionMask = 2147483647;
			files = (
				D84F7C8813E66CA900F013A6 /* InfoPlist.strings in Resources */,
			);
			runOnlyForDeploymentPostprocessing = 0;
		};
/* End PBXResourcesBuildPhase section */

/* Begin PBXSourcesBuildPhase section */
		D84F7C7513E66CA900F013A6 /* Sources */ = {
			isa = PBXSourcesBuildPhase;
			buildActionMask = 2147483647;
			files = (
				D84F7C8A13E66CA900F013A6 /* main.m in Sources */,
				D84F7C8E13E66CA900F013A6 /* CreateSendExampleAppDelegate.m in Sources */,
			);
			runOnlyForDeploymentPostprocessing = 0;
		};
/* End PBXSourcesBuildPhase section */

/* Begin PBXTargetDependency section */
		D818BAEB1521998400B26451 /* PBXTargetDependency */ = {
			isa = PBXTargetDependency;
			name = CreateSend;
			targetProxy = D818BAEA1521998400B26451 /* PBXContainerItemProxy */;
		};
/* End PBXTargetDependency section */

/* Begin PBXVariantGroup section */
		D84F7C8613E66CA900F013A6 /* InfoPlist.strings */ = {
			isa = PBXVariantGroup;
			children = (
				D84F7C8713E66CA900F013A6 /* en */,
			);
			name = InfoPlist.strings;
			sourceTree = "<group>";
		};
/* End PBXVariantGroup section */

/* Begin XCBuildConfiguration section */
		D84F7C9213E66CA900F013A6 /* Debug */ = {
			isa = XCBuildConfiguration;
			buildSettings = {
				ALWAYS_SEARCH_USER_PATHS = NO;
				ARCHS = "$(ARCHS_STANDARD_32_BIT)";
				COPY_PHASE_STRIP = NO;
				GCC_C_LANGUAGE_STANDARD = gnu99;
				GCC_DYNAMIC_NO_PIC = NO;
				GCC_OPTIMIZATION_LEVEL = 0;
				GCC_PREPROCESSOR_DEFINITIONS = (
					"DEBUG=1",
					"$(inherited)",
				);
				GCC_SYMBOLS_PRIVATE_EXTERN = NO;
				GCC_WARN_ABOUT_MISSING_PROTOTYPES = YES;
				GCC_WARN_ABOUT_RETURN_TYPE = YES;
				GCC_WARN_UNUSED_VARIABLE = YES;
				IPHONEOS_DEPLOYMENT_TARGET = 4.0;
				OTHER_LDFLAGS = (
					"-ObjC",
					"-all_load",
				);
				RUN_CLANG_STATIC_ANALYZER = YES;
				SDKROOT = iphoneos;
			};
			name = Debug;
		};
		D84F7C9313E66CA900F013A6 /* Release */ = {
			isa = XCBuildConfiguration;
			buildSettings = {
				ALWAYS_SEARCH_USER_PATHS = NO;
				ARCHS = "$(ARCHS_STANDARD_32_BIT)";
				COPY_PHASE_STRIP = YES;
				GCC_C_LANGUAGE_STANDARD = gnu99;
				GCC_WARN_ABOUT_MISSING_PROTOTYPES = YES;
				GCC_WARN_ABOUT_RETURN_TYPE = YES;
				GCC_WARN_UNUSED_VARIABLE = YES;
				IPHONEOS_DEPLOYMENT_TARGET = 4.0;
				OTHER_CFLAGS = "-DNS_BLOCK_ASSERTIONS=1";
				OTHER_LDFLAGS = (
					"-ObjC",
					"-all_load",
				);
				RUN_CLANG_STATIC_ANALYZER = YES;
				SDKROOT = iphoneos;
				VALIDATE_PRODUCT = YES;
			};
			name = Release;
		};
		D84F7C9513E66CA900F013A6 /* Debug */ = {
			isa = XCBuildConfiguration;
			buildSettings = {
				GCC_PRECOMPILE_PREFIX_HEADER = YES;
				GCC_PREFIX_HEADER = "CreateSendExample/CreateSendExample-Prefix.pch";
				HEADER_SEARCH_PATHS = (
					"$(inherited)",
					"\"$(SOURCE_ROOT)/../../Classes\"",
					"\"$(SRCROOT)/../../External/IBAForms/library/headers\"",
					"\"$(SRCROOT)/../../External/AFNetworking/AFNetworking\"",
				);
				INFOPLIST_FILE = "CreateSendExample/CreateSendExample-Info.plist";
				PRODUCT_NAME = "$(TARGET_NAME)";
				WRAPPER_EXTENSION = app;
			};
			name = Debug;
		};
		D84F7C9613E66CA900F013A6 /* Release */ = {
			isa = XCBuildConfiguration;
			buildSettings = {
				GCC_PRECOMPILE_PREFIX_HEADER = YES;
				GCC_PREFIX_HEADER = "CreateSendExample/CreateSendExample-Prefix.pch";
				HEADER_SEARCH_PATHS = (
					"$(inherited)",
					"\"$(SOURCE_ROOT)/../../Classes\"",
					"\"$(SRCROOT)/../../External/IBAForms/library/headers\"",
					"\"$(SRCROOT)/../../External/AFNetworking/AFNetworking\"",
				);
				INFOPLIST_FILE = "CreateSendExample/CreateSendExample-Info.plist";
				PRODUCT_NAME = "$(TARGET_NAME)";
				WRAPPER_EXTENSION = app;
			};
			name = Release;
		};
/* End XCBuildConfiguration section */

/* Begin XCConfigurationList section */
		D84F7C7313E66CA900F013A6 /* Build configuration list for PBXProject "CreateSendExample" */ = {
			isa = XCConfigurationList;
			buildConfigurations = (
				D84F7C9213E66CA900F013A6 /* Debug */,
				D84F7C9313E66CA900F013A6 /* Release */,
			);
			defaultConfigurationIsVisible = 0;
			defaultConfigurationName = Release;
		};
		D84F7C9413E66CA900F013A6 /* Build configuration list for PBXNativeTarget "CreateSendExample" */ = {
			isa = XCConfigurationList;
			buildConfigurations = (
				D84F7C9513E66CA900F013A6 /* Debug */,
				D84F7C9613E66CA900F013A6 /* Release */,
			);
			defaultConfigurationIsVisible = 0;
			defaultConfigurationName = Release;
		};
/* End XCConfigurationList section */
	};
	rootObject = D84F7C7013E66CA900F013A6 /* Project object */;
}
